
Microsoft Visual Studio Solution File, Format Version 11.00
# Visual Studio 2010
Project("{8BC9CEB8-8B4A-11D0-8D11-00A0C91BC942}") = "Thread", "Thread\Thread.vcxproj", "{876F55C6-E07D-4359-81FB-A52EC43ECE90}"
EndProject
Global
	GlobalSection(SolutionConfigurationPlatforms) = preSolution
		Debug|Win32 = Debug|Win32
		Release|Win32 = Release|Win32
	EndGlobalSection
	GlobalSection(ProjectConfigurationPlatforms) = postSolution
		{876F55C6-E07D-4359-81FB-A52EC43ECE90}.Debug|Win32.ActiveCfg = Debug|Win32
		{876F55C6-E07D-4359-81FB-A52EC43ECE90}.Debug|Win32.Build.0 = Debug|Win32
		{876F55C6-E07D-4359-81FB-A52EC43ECE90}.Release|Win32.ActiveCfg = Release|Win32
		{876F55C6-E07D-4359-81FB-A52EC43ECE90}.Release|Win32.Build.0 = Release|Win32
	EndGlobalSection
	GlobalSection(SolutionProperties) = preSolution
		HideSolutionNode = FALSE
	EndGlobalSection
EndGlobal
