
Microsoft Visual Studio Solution File, Format Version 11.00
# Visual Studio 2010
Project("{8BC9CEB8-8B4A-11D0-8D11-00A0C91BC942}") = "处理除零异常", "处理除零异常\处理除零异常.vcxproj", "{C7E4BE27-B7B6-45DF-B262-CBD5BD3ADA3B}"
EndProject
Global
	GlobalSection(SolutionConfigurationPlatforms) = preSolution
		Debug|Win32 = Debug|Win32
		Release|Win32 = Release|Win32
	EndGlobalSection
	GlobalSection(ProjectConfigurationPlatforms) = postSolution
		{C7E4BE27-B7B6-45DF-B262-CBD5BD3ADA3B}.Debug|Win32.ActiveCfg = Debug|Win32
		{C7E4BE27-B7B6-45DF-B262-CBD5BD3ADA3B}.Debug|Win32.Build.0 = Debug|Win32
		{C7E4BE27-B7B6-45DF-B262-CBD5BD3ADA3B}.Release|Win32.ActiveCfg = Release|Win32
		{C7E4BE27-B7B6-45DF-B262-CBD5BD3ADA3B}.Release|Win32.Build.0 = Release|Win32
	EndGlobalSection
	GlobalSection(SolutionProperties) = preSolution
		HideSolutionNode = FALSE
	EndGlobalSection
EndGlobal
