
Microsoft Visual Studio Solution File, Format Version 12.00
# Visual Studio 15
VisualStudioVersion = 15.0.28307.106
MinimumVisualStudioVersion = 10.0.40219.1
Project("{8BC9CEB8-8B4A-11D0-8D11-00A0C91BC942}") = "try something", "leetcode\leetcode.vcxproj", "{3488E292-C4CC-48C6-98D7-C8415FB193BD}"
EndProject
Project("{8BC9CEB8-8B4A-11D0-8D11-00A0C91BC942}") = "Contains Duplicate", "Contains Duplicate\Contains Duplicate.vcxproj", "{FAC1D3C9-7152-4565-BFB0-18BD4B07CC09}"
EndProject
Project("{8BC9CEB8-8B4A-11D0-8D11-00A0C91BC942}") = "Intersection of Two Arrays II", "Intersection of Two Arrays II\Intersection of Two Arrays II.vcxproj", "{535D0BE9-BB45-407C-91D3-E8D6D422EE18}"
EndProject
Project("{8BC9CEB8-8B4A-11D0-8D11-00A0C91BC942}") = "Plus One", "Plus One\Plus One.vcxproj", "{63666EDD-0225-4694-9B1B-2396C2BD873C}"
EndProject
Project("{8BC9CEB8-8B4A-11D0-8D11-00A0C91BC942}") = "970. Powerful Integers", "970. Powerful Integers\970. Powerful Integers.vcxproj", "{EAFF8157-C7EC-4ACF-BB39-E43D08B521A3}"
EndProject
Project("{8BC9CEB8-8B4A-11D0-8D11-00A0C91BC942}") = "move zero", "move zero\move zero.vcxproj", "{AF1E36AC-056B-41E5-9C92-9F3E4878A03B}"
EndProject
Project("{8BC9CEB8-8B4A-11D0-8D11-00A0C91BC942}") = "Two Sum", "Two Sum\Two Sum.vcxproj", "{05270036-623F-4956-8E01-5848763AB27E}"
EndProject
Project("{8BC9CEB8-8B4A-11D0-8D11-00A0C91BC942}") = "28. Implement strStr()", "28. Implement strStr()\28. Implement strStr().vcxproj", "{46CFD1C6-3DB7-4D2B-AEA9-18BE96A2CE34}"
EndProject
Project("{8BC9CEB8-8B4A-11D0-8D11-00A0C91BC942}") = "Valid Sudoku", "Valid Sudoku\Valid Sudoku.vcxproj", "{9FC0E0E5-9838-4014-947D-BA60983988F1}"
EndProject
Project("{8BC9CEB8-8B4A-11D0-8D11-00A0C91BC942}") = "Rotate Image", "Rotate Image\Rotate Image.vcxproj", "{246A8553-9E76-4A96-A9AA-638A1A854FB0}"
EndProject
Project("{8BC9CEB8-8B4A-11D0-8D11-00A0C91BC942}") = "Reverse String", "Reverse String\Reverse String.vcxproj", "{D843A72B-B930-48E2-BFD5-3E28C9991E3A}"
EndProject
Project("{8BC9CEB8-8B4A-11D0-8D11-00A0C91BC942}") = "Reverse Integer", "Reverse Integer\Reverse Integer.vcxproj", "{3CAECF29-2AFC-4308-ABC7-54079F640CB4}"
EndProject
Project("{8BC9CEB8-8B4A-11D0-8D11-00A0C91BC942}") = "First Unique Character in a String", "First Unique Character in a String\First Unique Character in a String.vcxproj", "{54E4C582-DD83-44E1-AE4C-AC5D72AE5ED7}"
EndProject
Project("{8BC9CEB8-8B4A-11D0-8D11-00A0C91BC942}") = "Valid Anagram", "Valid Anagram\Valid Anagram.vcxproj", "{AAA24A06-8E21-460D-9529-0EF0F2511010}"
EndProject
Project("{8BC9CEB8-8B4A-11D0-8D11-00A0C91BC942}") = "Valid Palindrome", "Valid Palindrome\Valid Palindrome.vcxproj", "{D232870E-2F31-4EFA-9578-891315E25324}"
EndProject
Project("{8BC9CEB8-8B4A-11D0-8D11-00A0C91BC942}") = "String to Integer (atoi)", "String to Integer (atoi)\String to Integer (atoi).vcxproj", "{16986FFC-5329-4245-96E3-C5F2819C2EE1}"
EndProject
Project("{8BC9CEB8-8B4A-11D0-8D11-00A0C91BC942}") = "Implement strStr()", "Implement strStr()\Implement strStr().vcxproj", "{B750DBB8-D98B-4CE8-97CB-E9DA29B0FB8E}"
EndProject
Project("{8BC9CEB8-8B4A-11D0-8D11-00A0C91BC942}") = "Count and Say", "Count and Say\Count and Say.vcxproj", "{DFCBD608-2489-4574-892F-1B9B2EC08620}"
EndProject
Project("{8BC9CEB8-8B4A-11D0-8D11-00A0C91BC942}") = "Longest Common Prefix", "Longest Common Prefix\Longest Common Prefix.vcxproj", "{8E7509D1-211E-43C9-AF9D-18D0120D2510}"
EndProject
Project("{8BC9CEB8-8B4A-11D0-8D11-00A0C91BC942}") = "Rotate Array", "Rotate Array\Rotate Array.vcxproj", "{C0D9E963-1904-4D01-B3CC-5A155ECD796B}"
EndProject
Project("{8BC9CEB8-8B4A-11D0-8D11-00A0C91BC942}") = "0A", "A\A.vcxproj", "{61D79514-17AA-4612-9730-DE0F1215DB24}"
EndProject
Project("{8BC9CEB8-8B4A-11D0-8D11-00A0C91BC942}") = "Delete Node in a Linked List", "Delete Node in a Linked List\Delete Node in a Linked List.vcxproj", "{8B2CBF51-C91F-400E-88C3-4F9F083B485E}"
EndProject
Project("{8BC9CEB8-8B4A-11D0-8D11-00A0C91BC942}") = "Remove Nth Node From End of List", "Remove Nth Node From End of List\Remove Nth Node From End of List.vcxproj", "{3AA0A655-146C-4F75-A5A9-F3C36B630F6A}"
EndProject
Project("{8BC9CEB8-8B4A-11D0-8D11-00A0C91BC942}") = "Reverse Linked List", "Reverse Linked List\Reverse Linked List.vcxproj", "{E5B83829-3B9E-48EC-9D42-2084D6116548}"
EndProject
Project("{8BC9CEB8-8B4A-11D0-8D11-00A0C91BC942}") = "Merge Two Sorted Lists", "Merge Two Sorted Lists\Merge Two Sorted Lists.vcxproj", "{3B52CB90-DF09-480F-8B46-DE3C154B833B}"
EndProject
Project("{8BC9CEB8-8B4A-11D0-8D11-00A0C91BC942}") = "shuffle", "shuffle\shuffle.vcxproj", "{35FA02CC-D38F-4BB8-AE3B-EA5964A38022}"
EndProject
Project("{8BC9CEB8-8B4A-11D0-8D11-00A0C91BC942}") = "链表实现", "链表实现\链表实现.vcxproj", "{E4126951-DB14-41E0-85CB-6E87B349B734}"
EndProject
Project("{8BC9CEB8-8B4A-11D0-8D11-00A0C91BC942}") = "0CPP_list", "0CPP_lit\0CPP_lit.vcxproj", "{6223A467-62F1-4E37-A563-86EE8CDA1BA9}"
EndProject
Project("{8BC9CEB8-8B4A-11D0-8D11-00A0C91BC942}") = "0MyList", "0MyList\0MyList.vcxproj", "{B591C9CB-4843-4127-9E65-7FF4EAB9D4AE}"
EndProject
Global
	GlobalSection(SolutionConfigurationPlatforms) = preSolution
		Debug|x64 = Debug|x64
		Debug|x86 = Debug|x86
		Release|x64 = Release|x64
		Release|x86 = Release|x86
	EndGlobalSection
	GlobalSection(ProjectConfigurationPlatforms) = postSolution
		{3488E292-C4CC-48C6-98D7-C8415FB193BD}.Debug|x64.ActiveCfg = Debug|x64
		{3488E292-C4CC-48C6-98D7-C8415FB193BD}.Debug|x64.Build.0 = Debug|x64
		{3488E292-C4CC-48C6-98D7-C8415FB193BD}.Debug|x86.ActiveCfg = Debug|Win32
		{3488E292-C4CC-48C6-98D7-C8415FB193BD}.Debug|x86.Build.0 = Debug|Win32
		{3488E292-C4CC-48C6-98D7-C8415FB193BD}.Release|x64.ActiveCfg = Release|x64
		{3488E292-C4CC-48C6-98D7-C8415FB193BD}.Release|x64.Build.0 = Release|x64
		{3488E292-C4CC-48C6-98D7-C8415FB193BD}.Release|x86.ActiveCfg = Release|Win32
		{3488E292-C4CC-48C6-98D7-C8415FB193BD}.Release|x86.Build.0 = Release|Win32
		{FAC1D3C9-7152-4565-BFB0-18BD4B07CC09}.Debug|x64.ActiveCfg = Debug|x64
		{FAC1D3C9-7152-4565-BFB0-18BD4B07CC09}.Debug|x64.Build.0 = Debug|x64
		{FAC1D3C9-7152-4565-BFB0-18BD4B07CC09}.Debug|x86.ActiveCfg = Debug|Win32
		{FAC1D3C9-7152-4565-BFB0-18BD4B07CC09}.Debug|x86.Build.0 = Debug|Win32
		{FAC1D3C9-7152-4565-BFB0-18BD4B07CC09}.Release|x64.ActiveCfg = Release|x64
		{FAC1D3C9-7152-4565-BFB0-18BD4B07CC09}.Release|x64.Build.0 = Release|x64
		{FAC1D3C9-7152-4565-BFB0-18BD4B07CC09}.Release|x86.ActiveCfg = Release|Win32
		{FAC1D3C9-7152-4565-BFB0-18BD4B07CC09}.Release|x86.Build.0 = Release|Win32
		{535D0BE9-BB45-407C-91D3-E8D6D422EE18}.Debug|x64.ActiveCfg = Debug|x64
		{535D0BE9-BB45-407C-91D3-E8D6D422EE18}.Debug|x64.Build.0 = Debug|x64
		{535D0BE9-BB45-407C-91D3-E8D6D422EE18}.Debug|x86.ActiveCfg = Debug|Win32
		{535D0BE9-BB45-407C-91D3-E8D6D422EE18}.Debug|x86.Build.0 = Debug|Win32
		{535D0BE9-BB45-407C-91D3-E8D6D422EE18}.Release|x64.ActiveCfg = Release|x64
		{535D0BE9-BB45-407C-91D3-E8D6D422EE18}.Release|x64.Build.0 = Release|x64
		{535D0BE9-BB45-407C-91D3-E8D6D422EE18}.Release|x86.ActiveCfg = Release|Win32
		{535D0BE9-BB45-407C-91D3-E8D6D422EE18}.Release|x86.Build.0 = Release|Win32
		{63666EDD-0225-4694-9B1B-2396C2BD873C}.Debug|x64.ActiveCfg = Debug|x64
		{63666EDD-0225-4694-9B1B-2396C2BD873C}.Debug|x64.Build.0 = Debug|x64
		{63666EDD-0225-4694-9B1B-2396C2BD873C}.Debug|x86.ActiveCfg = Debug|Win32
		{63666EDD-0225-4694-9B1B-2396C2BD873C}.Debug|x86.Build.0 = Debug|Win32
		{63666EDD-0225-4694-9B1B-2396C2BD873C}.Release|x64.ActiveCfg = Release|x64
		{63666EDD-0225-4694-9B1B-2396C2BD873C}.Release|x64.Build.0 = Release|x64
		{63666EDD-0225-4694-9B1B-2396C2BD873C}.Release|x86.ActiveCfg = Release|Win32
		{63666EDD-0225-4694-9B1B-2396C2BD873C}.Release|x86.Build.0 = Release|Win32
		{EAFF8157-C7EC-4ACF-BB39-E43D08B521A3}.Debug|x64.ActiveCfg = Debug|x64
		{EAFF8157-C7EC-4ACF-BB39-E43D08B521A3}.Debug|x64.Build.0 = Debug|x64
		{EAFF8157-C7EC-4ACF-BB39-E43D08B521A3}.Debug|x86.ActiveCfg = Debug|Win32
		{EAFF8157-C7EC-4ACF-BB39-E43D08B521A3}.Debug|x86.Build.0 = Debug|Win32
		{EAFF8157-C7EC-4ACF-BB39-E43D08B521A3}.Release|x64.ActiveCfg = Release|x64
		{EAFF8157-C7EC-4ACF-BB39-E43D08B521A3}.Release|x64.Build.0 = Release|x64
		{EAFF8157-C7EC-4ACF-BB39-E43D08B521A3}.Release|x86.ActiveCfg = Release|Win32
		{EAFF8157-C7EC-4ACF-BB39-E43D08B521A3}.Release|x86.Build.0 = Release|Win32
		{AF1E36AC-056B-41E5-9C92-9F3E4878A03B}.Debug|x64.ActiveCfg = Debug|x64
		{AF1E36AC-056B-41E5-9C92-9F3E4878A03B}.Debug|x64.Build.0 = Debug|x64
		{AF1E36AC-056B-41E5-9C92-9F3E4878A03B}.Debug|x86.ActiveCfg = Debug|Win32
		{AF1E36AC-056B-41E5-9C92-9F3E4878A03B}.Debug|x86.Build.0 = Debug|Win32
		{AF1E36AC-056B-41E5-9C92-9F3E4878A03B}.Release|x64.ActiveCfg = Release|x64
		{AF1E36AC-056B-41E5-9C92-9F3E4878A03B}.Release|x64.Build.0 = Release|x64
		{AF1E36AC-056B-41E5-9C92-9F3E4878A03B}.Release|x86.ActiveCfg = Release|Win32
		{AF1E36AC-056B-41E5-9C92-9F3E4878A03B}.Release|x86.Build.0 = Release|Win32
		{05270036-623F-4956-8E01-5848763AB27E}.Debug|x64.ActiveCfg = Debug|x64
		{05270036-623F-4956-8E01-5848763AB27E}.Debug|x64.Build.0 = Debug|x64
		{05270036-623F-4956-8E01-5848763AB27E}.Debug|x86.ActiveCfg = Debug|Win32
		{05270036-623F-4956-8E01-5848763AB27E}.Debug|x86.Build.0 = Debug|Win32
		{05270036-623F-4956-8E01-5848763AB27E}.Release|x64.ActiveCfg = Release|x64
		{05270036-623F-4956-8E01-5848763AB27E}.Release|x64.Build.0 = Release|x64
		{05270036-623F-4956-8E01-5848763AB27E}.Release|x86.ActiveCfg = Release|Win32
		{05270036-623F-4956-8E01-5848763AB27E}.Release|x86.Build.0 = Release|Win32
		{46CFD1C6-3DB7-4D2B-AEA9-18BE96A2CE34}.Debug|x64.ActiveCfg = Debug|x64
		{46CFD1C6-3DB7-4D2B-AEA9-18BE96A2CE34}.Debug|x64.Build.0 = Debug|x64
		{46CFD1C6-3DB7-4D2B-AEA9-18BE96A2CE34}.Debug|x86.ActiveCfg = Debug|Win32
		{46CFD1C6-3DB7-4D2B-AEA9-18BE96A2CE34}.Debug|x86.Build.0 = Debug|Win32
		{46CFD1C6-3DB7-4D2B-AEA9-18BE96A2CE34}.Release|x64.ActiveCfg = Release|x64
		{46CFD1C6-3DB7-4D2B-AEA9-18BE96A2CE34}.Release|x64.Build.0 = Release|x64
		{46CFD1C6-3DB7-4D2B-AEA9-18BE96A2CE34}.Release|x86.ActiveCfg = Release|Win32
		{46CFD1C6-3DB7-4D2B-AEA9-18BE96A2CE34}.Release|x86.Build.0 = Release|Win32
		{9FC0E0E5-9838-4014-947D-BA60983988F1}.Debug|x64.ActiveCfg = Debug|x64
		{9FC0E0E5-9838-4014-947D-BA60983988F1}.Debug|x64.Build.0 = Debug|x64
		{9FC0E0E5-9838-4014-947D-BA60983988F1}.Debug|x86.ActiveCfg = Debug|Win32
		{9FC0E0E5-9838-4014-947D-BA60983988F1}.Debug|x86.Build.0 = Debug|Win32
		{9FC0E0E5-9838-4014-947D-BA60983988F1}.Release|x64.ActiveCfg = Release|x64
		{9FC0E0E5-9838-4014-947D-BA60983988F1}.Release|x64.Build.0 = Release|x64
		{9FC0E0E5-9838-4014-947D-BA60983988F1}.Release|x86.ActiveCfg = Release|Win32
		{9FC0E0E5-9838-4014-947D-BA60983988F1}.Release|x86.Build.0 = Release|Win32
		{246A8553-9E76-4A96-A9AA-638A1A854FB0}.Debug|x64.ActiveCfg = Debug|x64
		{246A8553-9E76-4A96-A9AA-638A1A854FB0}.Debug|x64.Build.0 = Debug|x64
		{246A8553-9E76-4A96-A9AA-638A1A854FB0}.Debug|x86.ActiveCfg = Debug|Win32
		{246A8553-9E76-4A96-A9AA-638A1A854FB0}.Debug|x86.Build.0 = Debug|Win32
		{246A8553-9E76-4A96-A9AA-638A1A854FB0}.Release|x64.ActiveCfg = Release|x64
		{246A8553-9E76-4A96-A9AA-638A1A854FB0}.Release|x64.Build.0 = Release|x64
		{246A8553-9E76-4A96-A9AA-638A1A854FB0}.Release|x86.ActiveCfg = Release|Win32
		{246A8553-9E76-4A96-A9AA-638A1A854FB0}.Release|x86.Build.0 = Release|Win32
		{D843A72B-B930-48E2-BFD5-3E28C9991E3A}.Debug|x64.ActiveCfg = Debug|x64
		{D843A72B-B930-48E2-BFD5-3E28C9991E3A}.Debug|x64.Build.0 = Debug|x64
		{D843A72B-B930-48E2-BFD5-3E28C9991E3A}.Debug|x86.ActiveCfg = Debug|Win32
		{D843A72B-B930-48E2-BFD5-3E28C9991E3A}.Debug|x86.Build.0 = Debug|Win32
		{D843A72B-B930-48E2-BFD5-3E28C9991E3A}.Release|x64.ActiveCfg = Release|x64
		{D843A72B-B930-48E2-BFD5-3E28C9991E3A}.Release|x64.Build.0 = Release|x64
		{D843A72B-B930-48E2-BFD5-3E28C9991E3A}.Release|x86.ActiveCfg = Release|Win32
		{D843A72B-B930-48E2-BFD5-3E28C9991E3A}.Release|x86.Build.0 = Release|Win32
		{3CAECF29-2AFC-4308-ABC7-54079F640CB4}.Debug|x64.ActiveCfg = Debug|x64
		{3CAECF29-2AFC-4308-ABC7-54079F640CB4}.Debug|x64.Build.0 = Debug|x64
		{3CAECF29-2AFC-4308-ABC7-54079F640CB4}.Debug|x86.ActiveCfg = Debug|Win32
		{3CAECF29-2AFC-4308-ABC7-54079F640CB4}.Debug|x86.Build.0 = Debug|Win32
		{3CAECF29-2AFC-4308-ABC7-54079F640CB4}.Release|x64.ActiveCfg = Release|x64
		{3CAECF29-2AFC-4308-ABC7-54079F640CB4}.Release|x64.Build.0 = Release|x64
		{3CAECF29-2AFC-4308-ABC7-54079F640CB4}.Release|x86.ActiveCfg = Release|Win32
		{3CAECF29-2AFC-4308-ABC7-54079F640CB4}.Release|x86.Build.0 = Release|Win32
		{54E4C582-DD83-44E1-AE4C-AC5D72AE5ED7}.Debug|x64.ActiveCfg = Debug|x64
		{54E4C582-DD83-44E1-AE4C-AC5D72AE5ED7}.Debug|x64.Build.0 = Debug|x64
		{54E4C582-DD83-44E1-AE4C-AC5D72AE5ED7}.Debug|x86.ActiveCfg = Debug|Win32
		{54E4C582-DD83-44E1-AE4C-AC5D72AE5ED7}.Debug|x86.Build.0 = Debug|Win32
		{54E4C582-DD83-44E1-AE4C-AC5D72AE5ED7}.Release|x64.ActiveCfg = Release|x64
		{54E4C582-DD83-44E1-AE4C-AC5D72AE5ED7}.Release|x64.Build.0 = Release|x64
		{54E4C582-DD83-44E1-AE4C-AC5D72AE5ED7}.Release|x86.ActiveCfg = Release|Win32
		{54E4C582-DD83-44E1-AE4C-AC5D72AE5ED7}.Release|x86.Build.0 = Release|Win32
		{AAA24A06-8E21-460D-9529-0EF0F2511010}.Debug|x64.ActiveCfg = Debug|x64
		{AAA24A06-8E21-460D-9529-0EF0F2511010}.Debug|x64.Build.0 = Debug|x64
		{AAA24A06-8E21-460D-9529-0EF0F2511010}.Debug|x86.ActiveCfg = Debug|Win32
		{AAA24A06-8E21-460D-9529-0EF0F2511010}.Debug|x86.Build.0 = Debug|Win32
		{AAA24A06-8E21-460D-9529-0EF0F2511010}.Release|x64.ActiveCfg = Release|x64
		{AAA24A06-8E21-460D-9529-0EF0F2511010}.Release|x64.Build.0 = Release|x64
		{AAA24A06-8E21-460D-9529-0EF0F2511010}.Release|x86.ActiveCfg = Release|Win32
		{AAA24A06-8E21-460D-9529-0EF0F2511010}.Release|x86.Build.0 = Release|Win32
		{D232870E-2F31-4EFA-9578-891315E25324}.Debug|x64.ActiveCfg = Debug|x64
		{D232870E-2F31-4EFA-9578-891315E25324}.Debug|x64.Build.0 = Debug|x64
		{D232870E-2F31-4EFA-9578-891315E25324}.Debug|x86.ActiveCfg = Debug|Win32
		{D232870E-2F31-4EFA-9578-891315E25324}.Debug|x86.Build.0 = Debug|Win32
		{D232870E-2F31-4EFA-9578-891315E25324}.Release|x64.ActiveCfg = Release|x64
		{D232870E-2F31-4EFA-9578-891315E25324}.Release|x64.Build.0 = Release|x64
		{D232870E-2F31-4EFA-9578-891315E25324}.Release|x86.ActiveCfg = Release|Win32
		{D232870E-2F31-4EFA-9578-891315E25324}.Release|x86.Build.0 = Release|Win32
		{16986FFC-5329-4245-96E3-C5F2819C2EE1}.Debug|x64.ActiveCfg = Debug|x64
		{16986FFC-5329-4245-96E3-C5F2819C2EE1}.Debug|x64.Build.0 = Debug|x64
		{16986FFC-5329-4245-96E3-C5F2819C2EE1}.Debug|x86.ActiveCfg = Debug|Win32
		{16986FFC-5329-4245-96E3-C5F2819C2EE1}.Debug|x86.Build.0 = Debug|Win32
		{16986FFC-5329-4245-96E3-C5F2819C2EE1}.Release|x64.ActiveCfg = Release|x64
		{16986FFC-5329-4245-96E3-C5F2819C2EE1}.Release|x64.Build.0 = Release|x64
		{16986FFC-5329-4245-96E3-C5F2819C2EE1}.Release|x86.ActiveCfg = Release|Win32
		{16986FFC-5329-4245-96E3-C5F2819C2EE1}.Release|x86.Build.0 = Release|Win32
		{B750DBB8-D98B-4CE8-97CB-E9DA29B0FB8E}.Debug|x64.ActiveCfg = Debug|x64
		{B750DBB8-D98B-4CE8-97CB-E9DA29B0FB8E}.Debug|x64.Build.0 = Debug|x64
		{B750DBB8-D98B-4CE8-97CB-E9DA29B0FB8E}.Debug|x86.ActiveCfg = Debug|Win32
		{B750DBB8-D98B-4CE8-97CB-E9DA29B0FB8E}.Debug|x86.Build.0 = Debug|Win32
		{B750DBB8-D98B-4CE8-97CB-E9DA29B0FB8E}.Release|x64.ActiveCfg = Release|x64
		{B750DBB8-D98B-4CE8-97CB-E9DA29B0FB8E}.Release|x64.Build.0 = Release|x64
		{B750DBB8-D98B-4CE8-97CB-E9DA29B0FB8E}.Release|x86.ActiveCfg = Release|Win32
		{B750DBB8-D98B-4CE8-97CB-E9DA29B0FB8E}.Release|x86.Build.0 = Release|Win32
		{DFCBD608-2489-4574-892F-1B9B2EC08620}.Debug|x64.ActiveCfg = Debug|x64
		{DFCBD608-2489-4574-892F-1B9B2EC08620}.Debug|x64.Build.0 = Debug|x64
		{DFCBD608-2489-4574-892F-1B9B2EC08620}.Debug|x86.ActiveCfg = Debug|Win32
		{DFCBD608-2489-4574-892F-1B9B2EC08620}.Debug|x86.Build.0 = Debug|Win32
		{DFCBD608-2489-4574-892F-1B9B2EC08620}.Release|x64.ActiveCfg = Release|x64
		{DFCBD608-2489-4574-892F-1B9B2EC08620}.Release|x64.Build.0 = Release|x64
		{DFCBD608-2489-4574-892F-1B9B2EC08620}.Release|x86.ActiveCfg = Release|Win32
		{DFCBD608-2489-4574-892F-1B9B2EC08620}.Release|x86.Build.0 = Release|Win32
		{8E7509D1-211E-43C9-AF9D-18D0120D2510}.Debug|x64.ActiveCfg = Debug|x64
		{8E7509D1-211E-43C9-AF9D-18D0120D2510}.Debug|x64.Build.0 = Debug|x64
		{8E7509D1-211E-43C9-AF9D-18D0120D2510}.Debug|x86.ActiveCfg = Debug|Win32
		{8E7509D1-211E-43C9-AF9D-18D0120D2510}.Debug|x86.Build.0 = Debug|Win32
		{8E7509D1-211E-43C9-AF9D-18D0120D2510}.Release|x64.ActiveCfg = Release|x64
		{8E7509D1-211E-43C9-AF9D-18D0120D2510}.Release|x64.Build.0 = Release|x64
		{8E7509D1-211E-43C9-AF9D-18D0120D2510}.Release|x86.ActiveCfg = Release|Win32
		{8E7509D1-211E-43C9-AF9D-18D0120D2510}.Release|x86.Build.0 = Release|Win32
		{C0D9E963-1904-4D01-B3CC-5A155ECD796B}.Debug|x64.ActiveCfg = Debug|x64
		{C0D9E963-1904-4D01-B3CC-5A155ECD796B}.Debug|x64.Build.0 = Debug|x64
		{C0D9E963-1904-4D01-B3CC-5A155ECD796B}.Debug|x86.ActiveCfg = Debug|Win32
		{C0D9E963-1904-4D01-B3CC-5A155ECD796B}.Debug|x86.Build.0 = Debug|Win32
		{C0D9E963-1904-4D01-B3CC-5A155ECD796B}.Release|x64.ActiveCfg = Release|x64
		{C0D9E963-1904-4D01-B3CC-5A155ECD796B}.Release|x64.Build.0 = Release|x64
		{C0D9E963-1904-4D01-B3CC-5A155ECD796B}.Release|x86.ActiveCfg = Release|Win32
		{C0D9E963-1904-4D01-B3CC-5A155ECD796B}.Release|x86.Build.0 = Release|Win32
		{61D79514-17AA-4612-9730-DE0F1215DB24}.Debug|x64.ActiveCfg = Debug|x64
		{61D79514-17AA-4612-9730-DE0F1215DB24}.Debug|x64.Build.0 = Debug|x64
		{61D79514-17AA-4612-9730-DE0F1215DB24}.Debug|x86.ActiveCfg = Debug|Win32
		{61D79514-17AA-4612-9730-DE0F1215DB24}.Debug|x86.Build.0 = Debug|Win32
		{61D79514-17AA-4612-9730-DE0F1215DB24}.Release|x64.ActiveCfg = Release|x64
		{61D79514-17AA-4612-9730-DE0F1215DB24}.Release|x64.Build.0 = Release|x64
		{61D79514-17AA-4612-9730-DE0F1215DB24}.Release|x86.ActiveCfg = Release|Win32
		{61D79514-17AA-4612-9730-DE0F1215DB24}.Release|x86.Build.0 = Release|Win32
		{8B2CBF51-C91F-400E-88C3-4F9F083B485E}.Debug|x64.ActiveCfg = Debug|x64
		{8B2CBF51-C91F-400E-88C3-4F9F083B485E}.Debug|x64.Build.0 = Debug|x64
		{8B2CBF51-C91F-400E-88C3-4F9F083B485E}.Debug|x86.ActiveCfg = Debug|Win32
		{8B2CBF51-C91F-400E-88C3-4F9F083B485E}.Debug|x86.Build.0 = Debug|Win32
		{8B2CBF51-C91F-400E-88C3-4F9F083B485E}.Release|x64.ActiveCfg = Release|x64
		{8B2CBF51-C91F-400E-88C3-4F9F083B485E}.Release|x64.Build.0 = Release|x64
		{8B2CBF51-C91F-400E-88C3-4F9F083B485E}.Release|x86.ActiveCfg = Release|Win32
		{8B2CBF51-C91F-400E-88C3-4F9F083B485E}.Release|x86.Build.0 = Release|Win32
		{3AA0A655-146C-4F75-A5A9-F3C36B630F6A}.Debug|x64.ActiveCfg = Debug|x64
		{3AA0A655-146C-4F75-A5A9-F3C36B630F6A}.Debug|x64.Build.0 = Debug|x64
		{3AA0A655-146C-4F75-A5A9-F3C36B630F6A}.Debug|x86.ActiveCfg = Debug|Win32
		{3AA0A655-146C-4F75-A5A9-F3C36B630F6A}.Debug|x86.Build.0 = Debug|Win32
		{3AA0A655-146C-4F75-A5A9-F3C36B630F6A}.Release|x64.ActiveCfg = Release|x64
		{3AA0A655-146C-4F75-A5A9-F3C36B630F6A}.Release|x64.Build.0 = Release|x64
		{3AA0A655-146C-4F75-A5A9-F3C36B630F6A}.Release|x86.ActiveCfg = Release|Win32
		{3AA0A655-146C-4F75-A5A9-F3C36B630F6A}.Release|x86.Build.0 = Release|Win32
		{E5B83829-3B9E-48EC-9D42-2084D6116548}.Debug|x64.ActiveCfg = Debug|x64
		{E5B83829-3B9E-48EC-9D42-2084D6116548}.Debug|x64.Build.0 = Debug|x64
		{E5B83829-3B9E-48EC-9D42-2084D6116548}.Debug|x86.ActiveCfg = Debug|Win32
		{E5B83829-3B9E-48EC-9D42-2084D6116548}.Debug|x86.Build.0 = Debug|Win32
		{E5B83829-3B9E-48EC-9D42-2084D6116548}.Release|x64.ActiveCfg = Release|x64
		{E5B83829-3B9E-48EC-9D42-2084D6116548}.Release|x64.Build.0 = Release|x64
		{E5B83829-3B9E-48EC-9D42-2084D6116548}.Release|x86.ActiveCfg = Release|Win32
		{E5B83829-3B9E-48EC-9D42-2084D6116548}.Release|x86.Build.0 = Release|Win32
		{3B52CB90-DF09-480F-8B46-DE3C154B833B}.Debug|x64.ActiveCfg = Debug|x64
		{3B52CB90-DF09-480F-8B46-DE3C154B833B}.Debug|x64.Build.0 = Debug|x64
		{3B52CB90-DF09-480F-8B46-DE3C154B833B}.Debug|x86.ActiveCfg = Debug|Win32
		{3B52CB90-DF09-480F-8B46-DE3C154B833B}.Debug|x86.Build.0 = Debug|Win32
		{3B52CB90-DF09-480F-8B46-DE3C154B833B}.Release|x64.ActiveCfg = Release|x64
		{3B52CB90-DF09-480F-8B46-DE3C154B833B}.Release|x64.Build.0 = Release|x64
		{3B52CB90-DF09-480F-8B46-DE3C154B833B}.Release|x86.ActiveCfg = Release|Win32
		{3B52CB90-DF09-480F-8B46-DE3C154B833B}.Release|x86.Build.0 = Release|Win32
		{35FA02CC-D38F-4BB8-AE3B-EA5964A38022}.Debug|x64.ActiveCfg = Debug|x64
		{35FA02CC-D38F-4BB8-AE3B-EA5964A38022}.Debug|x64.Build.0 = Debug|x64
		{35FA02CC-D38F-4BB8-AE3B-EA5964A38022}.Debug|x86.ActiveCfg = Debug|Win32
		{35FA02CC-D38F-4BB8-AE3B-EA5964A38022}.Debug|x86.Build.0 = Debug|Win32
		{35FA02CC-D38F-4BB8-AE3B-EA5964A38022}.Release|x64.ActiveCfg = Release|x64
		{35FA02CC-D38F-4BB8-AE3B-EA5964A38022}.Release|x64.Build.0 = Release|x64
		{35FA02CC-D38F-4BB8-AE3B-EA5964A38022}.Release|x86.ActiveCfg = Release|Win32
		{35FA02CC-D38F-4BB8-AE3B-EA5964A38022}.Release|x86.Build.0 = Release|Win32
		{E4126951-DB14-41E0-85CB-6E87B349B734}.Debug|x64.ActiveCfg = Debug|x64
		{E4126951-DB14-41E0-85CB-6E87B349B734}.Debug|x64.Build.0 = Debug|x64
		{E4126951-DB14-41E0-85CB-6E87B349B734}.Debug|x86.ActiveCfg = Debug|Win32
		{E4126951-DB14-41E0-85CB-6E87B349B734}.Debug|x86.Build.0 = Debug|Win32
		{E4126951-DB14-41E0-85CB-6E87B349B734}.Release|x64.ActiveCfg = Release|x64
		{E4126951-DB14-41E0-85CB-6E87B349B734}.Release|x64.Build.0 = Release|x64
		{E4126951-DB14-41E0-85CB-6E87B349B734}.Release|x86.ActiveCfg = Release|Win32
		{E4126951-DB14-41E0-85CB-6E87B349B734}.Release|x86.Build.0 = Release|Win32
		{6223A467-62F1-4E37-A563-86EE8CDA1BA9}.Debug|x64.ActiveCfg = Debug|x64
		{6223A467-62F1-4E37-A563-86EE8CDA1BA9}.Debug|x64.Build.0 = Debug|x64
		{6223A467-62F1-4E37-A563-86EE8CDA1BA9}.Debug|x86.ActiveCfg = Debug|Win32
		{6223A467-62F1-4E37-A563-86EE8CDA1BA9}.Debug|x86.Build.0 = Debug|Win32
		{6223A467-62F1-4E37-A563-86EE8CDA1BA9}.Release|x64.ActiveCfg = Release|x64
		{6223A467-62F1-4E37-A563-86EE8CDA1BA9}.Release|x64.Build.0 = Release|x64
		{6223A467-62F1-4E37-A563-86EE8CDA1BA9}.Release|x86.ActiveCfg = Release|Win32
		{6223A467-62F1-4E37-A563-86EE8CDA1BA9}.Release|x86.Build.0 = Release|Win32
		{B591C9CB-4843-4127-9E65-7FF4EAB9D4AE}.Debug|x64.ActiveCfg = Debug|x64
		{B591C9CB-4843-4127-9E65-7FF4EAB9D4AE}.Debug|x64.Build.0 = Debug|x64
		{B591C9CB-4843-4127-9E65-7FF4EAB9D4AE}.Debug|x86.ActiveCfg = Debug|Win32
		{B591C9CB-4843-4127-9E65-7FF4EAB9D4AE}.Debug|x86.Build.0 = Debug|Win32
		{B591C9CB-4843-4127-9E65-7FF4EAB9D4AE}.Release|x64.ActiveCfg = Release|x64
		{B591C9CB-4843-4127-9E65-7FF4EAB9D4AE}.Release|x64.Build.0 = Release|x64
		{B591C9CB-4843-4127-9E65-7FF4EAB9D4AE}.Release|x86.ActiveCfg = Release|Win32
		{B591C9CB-4843-4127-9E65-7FF4EAB9D4AE}.Release|x86.Build.0 = Release|Win32
	EndGlobalSection
	GlobalSection(SolutionProperties) = preSolution
		HideSolutionNode = FALSE
	EndGlobalSection
	GlobalSection(ExtensibilityGlobals) = postSolution
		SolutionGuid = {CE7F8658-8F9B-4FAB-B7EE-70A7289ABEC2}
	EndGlobalSection
EndGlobal
