
Microsoft Visual Studio Solution File, Format Version 12.00
# Visual Studio 15
VisualStudioVersion = 15.0.28307.572
MinimumVisualStudioVersion = 10.0.40219.1
Project("{8BC9CEB8-8B4A-11D0-8D11-00A0C91BC942}") = "迷宫问题", "迷宫问题\迷宫问题.vcxproj", "{DB6EFB7D-E0BD-45B4-96F4-E1477A640CBB}"
EndProject
Global
	GlobalSection(SolutionConfigurationPlatforms) = preSolution
		Debug|x64 = Debug|x64
		Debug|x86 = Debug|x86
		Release|x64 = Release|x64
		Release|x86 = Release|x86
	EndGlobalSection
	GlobalSection(ProjectConfigurationPlatforms) = postSolution
		{DB6EFB7D-E0BD-45B4-96F4-E1477A640CBB}.Debug|x64.ActiveCfg = Debug|x64
		{DB6EFB7D-E0BD-45B4-96F4-E1477A640CBB}.Debug|x64.Build.0 = Debug|x64
		{DB6EFB7D-E0BD-45B4-96F4-E1477A640CBB}.Debug|x86.ActiveCfg = Debug|Win32
		{DB6EFB7D-E0BD-45B4-96F4-E1477A640CBB}.Debug|x86.Build.0 = Debug|Win32
		{DB6EFB7D-E0BD-45B4-96F4-E1477A640CBB}.Release|x64.ActiveCfg = Release|x64
		{DB6EFB7D-E0BD-45B4-96F4-E1477A640CBB}.Release|x64.Build.0 = Release|x64
		{DB6EFB7D-E0BD-45B4-96F4-E1477A640CBB}.Release|x86.ActiveCfg = Release|Win32
		{DB6EFB7D-E0BD-45B4-96F4-E1477A640CBB}.Release|x86.Build.0 = Release|Win32
	EndGlobalSection
	GlobalSection(SolutionProperties) = preSolution
		HideSolutionNode = FALSE
	EndGlobalSection
	GlobalSection(ExtensibilityGlobals) = postSolution
		SolutionGuid = {2F4CA66E-7634-4390-8306-C7F8C582D684}
	EndGlobalSection
EndGlobal
