
Microsoft Visual Studio Solution File, Format Version 11.00
# Visual Studio 2010
Project("{8BC9CEB8-8B4A-11D0-8D11-00A0C91BC942}") = "mytime0.cpp", "mytime0.cpp\mytime0.cpp.vcxproj", "{40CD748A-A099-4939-9FEE-A474C55C1625}"
EndProject
Global
	GlobalSection(SolutionConfigurationPlatforms) = preSolution
		Debug|Win32 = Debug|Win32
		Release|Win32 = Release|Win32
	EndGlobalSection
	GlobalSection(ProjectConfigurationPlatforms) = postSolution
		{40CD748A-A099-4939-9FEE-A474C55C1625}.Debug|Win32.ActiveCfg = Debug|Win32
		{40CD748A-A099-4939-9FEE-A474C55C1625}.Debug|Win32.Build.0 = Debug|Win32
		{40CD748A-A099-4939-9FEE-A474C55C1625}.Release|Win32.ActiveCfg = Release|Win32
		{40CD748A-A099-4939-9FEE-A474C55C1625}.Release|Win32.Build.0 = Release|Win32
	EndGlobalSection
	GlobalSection(SolutionProperties) = preSolution
		HideSolutionNode = FALSE
	EndGlobalSection
EndGlobal
