
Microsoft Visual Studio Solution File, Format Version 11.00
# Visual Studio 2010
Project("{8BC9CEB8-8B4A-11D0-8D11-00A0C91BC942}") = "VAFS2", "VAFS2\VAFS2.vcxproj", "{5DEFCA89-6C8F-201D-8930-99702804B446}"
EndProject
Global
	GlobalSection(SolutionConfigurationPlatforms) = preSolution
		Debug|Win32 = Debug|Win32
		Release|Win32 = Release|Win32
	EndGlobalSection
	GlobalSection(ProjectConfigurationPlatforms) = postSolution
		{5DEFCA89-6C8F-201D-8930-99702804B446}.Debug|Win32.ActiveCfg = Debug|Win32
		{5DEFCA89-6C8F-201D-8930-99702804B446}.Debug|Win32.Build.0 = Debug|Win32
		{5DEFCA89-6C8F-201D-8930-99702804B446}.Release|Win32.ActiveCfg = Release|Win32
		{5DEFCA89-6C8F-201D-8930-99702804B446}.Release|Win32.Build.0 = Release|Win32
	EndGlobalSection
	GlobalSection(SolutionProperties) = preSolution
		HideSolutionNode = FALSE
	EndGlobalSection
EndGlobal
