
Microsoft Visual Studio Solution File, Format Version 12.00
# Visual Studio 15
VisualStudioVersion = 15.0.28307.329
MinimumVisualStudioVersion = 10.0.40219.1
Project("{8BC9CEB8-8B4A-11D0-8D11-00A0C91BC942}") = "多线程1 传入引用", "多线程\多线程.vcxproj", "{0CB9CB29-ED5D-40D7-BAEC-2378A8DABF74}"
EndProject
Project("{8BC9CEB8-8B4A-11D0-8D11-00A0C91BC942}") = "多线程2 callable objects", "多线程2\多线程2.vcxproj", "{8F222C93-C935-4976-9959-CF7804690A7E}"
EndProject
Project("{8BC9CEB8-8B4A-11D0-8D11-00A0C91BC942}") = "多线程3 匿名函数", "多线程3\多线程3.vcxproj", "{71297297-3EED-44D4-866B-D6468A49D4B0}"
EndProject
Project("{8BC9CEB8-8B4A-11D0-8D11-00A0C91BC942}") = "多线程4 chrono计时", "多线程4\多线程4.vcxproj", "{982D8221-A560-4733-A48C-12A844C659F4}"
EndProject
Project("{8BC9CEB8-8B4A-11D0-8D11-00A0C91BC942}") = "多线程5 匿名函数计时", "多线程5\多线程5.vcxproj", "{4E916B4B-F7D4-4B5A-B26A-C1FE24FA88E1}"
EndProject
Project("{8BC9CEB8-8B4A-11D0-8D11-00A0C91BC942}") = "多线程6 Future获取返回值", "多线程6\多线程6.vcxproj", "{A384086A-42C4-4EBD-92E0-B533A70FB0D7}"
EndProject
Project("{8BC9CEB8-8B4A-11D0-8D11-00A0C91BC942}") = "多线程7 互斥锁", "多线程7\多线程7.vcxproj", "{9FA382D2-EBF9-4E1F-A7AA-028A40F0A95B}"
EndProject
Project("{8BC9CEB8-8B4A-11D0-8D11-00A0C91BC942}") = "W3Cschool 基于unix多线程示例", "W3Cschool多线程示例\W3Cschool多线程示例.vcxproj", "{ACB012DF-2DC6-49D4-818A-8FF134FDBBBC}"
EndProject
Project("{8BC9CEB8-8B4A-11D0-8D11-00A0C91BC942}") = "菜鸟联盟 多线程", "菜鸟联盟 多线程\菜鸟联盟 多线程.vcxproj", "{30BEDA83-978C-46C7-98C2-45FFD92AC56C}"
EndProject
Project("{8BC9CEB8-8B4A-11D0-8D11-00A0C91BC942}") = "runoob基于LINUX多线程教程", "runoob多线程教程\runoob多线程教程.vcxproj", "{49402D2C-3A54-4678-BBF1-82600B22DF13}"
EndProject
Project("{8BC9CEB8-8B4A-11D0-8D11-00A0C91BC942}") = "多线程 重载函数出错", "多线程 重载函数出错\多线程 重载函数出错.vcxproj", "{2AAD530F-89DF-44C8-A48F-6C4DE730D7A4}"
EndProject
Project("{8BC9CEB8-8B4A-11D0-8D11-00A0C91BC942}") = "vc_c++", "vc_c++\vc_c++.vcxproj", "{2BF43FCD-6F64-4354-9F80-93518EB01B90}"
EndProject
Project("{8BC9CEB8-8B4A-11D0-8D11-00A0C91BC942}") = "std_promise", "std_promise\std_promise.vcxproj", "{E6D8E13E-0D35-4064-B6CE-B5C9D974FB45}"
EndProject
Project("{8BC9CEB8-8B4A-11D0-8D11-00A0C91BC942}") = "std_mutex", "std_mutex\std_mutex.vcxproj", "{73C127B8-FA19-44C4-A530-BB55C96758CC}"
EndProject
Project("{8BC9CEB8-8B4A-11D0-8D11-00A0C91BC942}") = "VC_horse", "VC_horse\VC_horse.vcxproj", "{D2146B75-B871-4AB8-B8A2-0A87CC38E088}"
EndProject
Project("{8BC9CEB8-8B4A-11D0-8D11-00A0C91BC942}") = "thispointer 创建多线程得三种方法", "thispointer 创建多线程得三种方法\thispointer 创建多线程得三种方法.vcxproj", "{6340D861-E8F2-476E-9F40-70756E688CD7}"
EndProject
Global
	GlobalSection(SolutionConfigurationPlatforms) = preSolution
		Debug|x64 = Debug|x64
		Debug|x86 = Debug|x86
		Release|x64 = Release|x64
		Release|x86 = Release|x86
	EndGlobalSection
	GlobalSection(ProjectConfigurationPlatforms) = postSolution
		{0CB9CB29-ED5D-40D7-BAEC-2378A8DABF74}.Debug|x64.ActiveCfg = Debug|x64
		{0CB9CB29-ED5D-40D7-BAEC-2378A8DABF74}.Debug|x64.Build.0 = Debug|x64
		{0CB9CB29-ED5D-40D7-BAEC-2378A8DABF74}.Debug|x86.ActiveCfg = Debug|Win32
		{0CB9CB29-ED5D-40D7-BAEC-2378A8DABF74}.Debug|x86.Build.0 = Debug|Win32
		{0CB9CB29-ED5D-40D7-BAEC-2378A8DABF74}.Release|x64.ActiveCfg = Release|x64
		{0CB9CB29-ED5D-40D7-BAEC-2378A8DABF74}.Release|x64.Build.0 = Release|x64
		{0CB9CB29-ED5D-40D7-BAEC-2378A8DABF74}.Release|x86.ActiveCfg = Release|Win32
		{0CB9CB29-ED5D-40D7-BAEC-2378A8DABF74}.Release|x86.Build.0 = Release|Win32
		{8F222C93-C935-4976-9959-CF7804690A7E}.Debug|x64.ActiveCfg = Debug|x64
		{8F222C93-C935-4976-9959-CF7804690A7E}.Debug|x64.Build.0 = Debug|x64
		{8F222C93-C935-4976-9959-CF7804690A7E}.Debug|x86.ActiveCfg = Debug|Win32
		{8F222C93-C935-4976-9959-CF7804690A7E}.Debug|x86.Build.0 = Debug|Win32
		{8F222C93-C935-4976-9959-CF7804690A7E}.Release|x64.ActiveCfg = Release|x64
		{8F222C93-C935-4976-9959-CF7804690A7E}.Release|x64.Build.0 = Release|x64
		{8F222C93-C935-4976-9959-CF7804690A7E}.Release|x86.ActiveCfg = Release|Win32
		{8F222C93-C935-4976-9959-CF7804690A7E}.Release|x86.Build.0 = Release|Win32
		{71297297-3EED-44D4-866B-D6468A49D4B0}.Debug|x64.ActiveCfg = Debug|x64
		{71297297-3EED-44D4-866B-D6468A49D4B0}.Debug|x64.Build.0 = Debug|x64
		{71297297-3EED-44D4-866B-D6468A49D4B0}.Debug|x86.ActiveCfg = Debug|Win32
		{71297297-3EED-44D4-866B-D6468A49D4B0}.Debug|x86.Build.0 = Debug|Win32
		{71297297-3EED-44D4-866B-D6468A49D4B0}.Release|x64.ActiveCfg = Release|x64
		{71297297-3EED-44D4-866B-D6468A49D4B0}.Release|x64.Build.0 = Release|x64
		{71297297-3EED-44D4-866B-D6468A49D4B0}.Release|x86.ActiveCfg = Release|Win32
		{71297297-3EED-44D4-866B-D6468A49D4B0}.Release|x86.Build.0 = Release|Win32
		{982D8221-A560-4733-A48C-12A844C659F4}.Debug|x64.ActiveCfg = Debug|x64
		{982D8221-A560-4733-A48C-12A844C659F4}.Debug|x64.Build.0 = Debug|x64
		{982D8221-A560-4733-A48C-12A844C659F4}.Debug|x86.ActiveCfg = Debug|Win32
		{982D8221-A560-4733-A48C-12A844C659F4}.Debug|x86.Build.0 = Debug|Win32
		{982D8221-A560-4733-A48C-12A844C659F4}.Release|x64.ActiveCfg = Release|x64
		{982D8221-A560-4733-A48C-12A844C659F4}.Release|x64.Build.0 = Release|x64
		{982D8221-A560-4733-A48C-12A844C659F4}.Release|x86.ActiveCfg = Release|Win32
		{982D8221-A560-4733-A48C-12A844C659F4}.Release|x86.Build.0 = Release|Win32
		{4E916B4B-F7D4-4B5A-B26A-C1FE24FA88E1}.Debug|x64.ActiveCfg = Debug|x64
		{4E916B4B-F7D4-4B5A-B26A-C1FE24FA88E1}.Debug|x64.Build.0 = Debug|x64
		{4E916B4B-F7D4-4B5A-B26A-C1FE24FA88E1}.Debug|x86.ActiveCfg = Debug|Win32
		{4E916B4B-F7D4-4B5A-B26A-C1FE24FA88E1}.Debug|x86.Build.0 = Debug|Win32
		{4E916B4B-F7D4-4B5A-B26A-C1FE24FA88E1}.Release|x64.ActiveCfg = Release|x64
		{4E916B4B-F7D4-4B5A-B26A-C1FE24FA88E1}.Release|x64.Build.0 = Release|x64
		{4E916B4B-F7D4-4B5A-B26A-C1FE24FA88E1}.Release|x86.ActiveCfg = Release|Win32
		{4E916B4B-F7D4-4B5A-B26A-C1FE24FA88E1}.Release|x86.Build.0 = Release|Win32
		{A384086A-42C4-4EBD-92E0-B533A70FB0D7}.Debug|x64.ActiveCfg = Debug|x64
		{A384086A-42C4-4EBD-92E0-B533A70FB0D7}.Debug|x64.Build.0 = Debug|x64
		{A384086A-42C4-4EBD-92E0-B533A70FB0D7}.Debug|x86.ActiveCfg = Debug|Win32
		{A384086A-42C4-4EBD-92E0-B533A70FB0D7}.Debug|x86.Build.0 = Debug|Win32
		{A384086A-42C4-4EBD-92E0-B533A70FB0D7}.Release|x64.ActiveCfg = Release|x64
		{A384086A-42C4-4EBD-92E0-B533A70FB0D7}.Release|x64.Build.0 = Release|x64
		{A384086A-42C4-4EBD-92E0-B533A70FB0D7}.Release|x86.ActiveCfg = Release|Win32
		{A384086A-42C4-4EBD-92E0-B533A70FB0D7}.Release|x86.Build.0 = Release|Win32
		{9FA382D2-EBF9-4E1F-A7AA-028A40F0A95B}.Debug|x64.ActiveCfg = Debug|x64
		{9FA382D2-EBF9-4E1F-A7AA-028A40F0A95B}.Debug|x64.Build.0 = Debug|x64
		{9FA382D2-EBF9-4E1F-A7AA-028A40F0A95B}.Debug|x86.ActiveCfg = Debug|Win32
		{9FA382D2-EBF9-4E1F-A7AA-028A40F0A95B}.Debug|x86.Build.0 = Debug|Win32
		{9FA382D2-EBF9-4E1F-A7AA-028A40F0A95B}.Release|x64.ActiveCfg = Release|x64
		{9FA382D2-EBF9-4E1F-A7AA-028A40F0A95B}.Release|x64.Build.0 = Release|x64
		{9FA382D2-EBF9-4E1F-A7AA-028A40F0A95B}.Release|x86.ActiveCfg = Release|Win32
		{9FA382D2-EBF9-4E1F-A7AA-028A40F0A95B}.Release|x86.Build.0 = Release|Win32
		{ACB012DF-2DC6-49D4-818A-8FF134FDBBBC}.Debug|x64.ActiveCfg = Debug|x64
		{ACB012DF-2DC6-49D4-818A-8FF134FDBBBC}.Debug|x64.Build.0 = Debug|x64
		{ACB012DF-2DC6-49D4-818A-8FF134FDBBBC}.Debug|x86.ActiveCfg = Debug|Win32
		{ACB012DF-2DC6-49D4-818A-8FF134FDBBBC}.Debug|x86.Build.0 = Debug|Win32
		{ACB012DF-2DC6-49D4-818A-8FF134FDBBBC}.Release|x64.ActiveCfg = Release|x64
		{ACB012DF-2DC6-49D4-818A-8FF134FDBBBC}.Release|x64.Build.0 = Release|x64
		{ACB012DF-2DC6-49D4-818A-8FF134FDBBBC}.Release|x86.ActiveCfg = Release|Win32
		{ACB012DF-2DC6-49D4-818A-8FF134FDBBBC}.Release|x86.Build.0 = Release|Win32
		{30BEDA83-978C-46C7-98C2-45FFD92AC56C}.Debug|x64.ActiveCfg = Debug|x64
		{30BEDA83-978C-46C7-98C2-45FFD92AC56C}.Debug|x64.Build.0 = Debug|x64
		{30BEDA83-978C-46C7-98C2-45FFD92AC56C}.Debug|x86.ActiveCfg = Debug|Win32
		{30BEDA83-978C-46C7-98C2-45FFD92AC56C}.Debug|x86.Build.0 = Debug|Win32
		{30BEDA83-978C-46C7-98C2-45FFD92AC56C}.Release|x64.ActiveCfg = Release|x64
		{30BEDA83-978C-46C7-98C2-45FFD92AC56C}.Release|x64.Build.0 = Release|x64
		{30BEDA83-978C-46C7-98C2-45FFD92AC56C}.Release|x86.ActiveCfg = Release|Win32
		{30BEDA83-978C-46C7-98C2-45FFD92AC56C}.Release|x86.Build.0 = Release|Win32
		{49402D2C-3A54-4678-BBF1-82600B22DF13}.Debug|x64.ActiveCfg = Debug|x64
		{49402D2C-3A54-4678-BBF1-82600B22DF13}.Debug|x64.Build.0 = Debug|x64
		{49402D2C-3A54-4678-BBF1-82600B22DF13}.Debug|x86.ActiveCfg = Debug|Win32
		{49402D2C-3A54-4678-BBF1-82600B22DF13}.Debug|x86.Build.0 = Debug|Win32
		{49402D2C-3A54-4678-BBF1-82600B22DF13}.Release|x64.ActiveCfg = Release|x64
		{49402D2C-3A54-4678-BBF1-82600B22DF13}.Release|x64.Build.0 = Release|x64
		{49402D2C-3A54-4678-BBF1-82600B22DF13}.Release|x86.ActiveCfg = Release|Win32
		{49402D2C-3A54-4678-BBF1-82600B22DF13}.Release|x86.Build.0 = Release|Win32
		{2AAD530F-89DF-44C8-A48F-6C4DE730D7A4}.Debug|x64.ActiveCfg = Debug|x64
		{2AAD530F-89DF-44C8-A48F-6C4DE730D7A4}.Debug|x64.Build.0 = Debug|x64
		{2AAD530F-89DF-44C8-A48F-6C4DE730D7A4}.Debug|x86.ActiveCfg = Debug|Win32
		{2AAD530F-89DF-44C8-A48F-6C4DE730D7A4}.Debug|x86.Build.0 = Debug|Win32
		{2AAD530F-89DF-44C8-A48F-6C4DE730D7A4}.Release|x64.ActiveCfg = Release|x64
		{2AAD530F-89DF-44C8-A48F-6C4DE730D7A4}.Release|x64.Build.0 = Release|x64
		{2AAD530F-89DF-44C8-A48F-6C4DE730D7A4}.Release|x86.ActiveCfg = Release|Win32
		{2AAD530F-89DF-44C8-A48F-6C4DE730D7A4}.Release|x86.Build.0 = Release|Win32
		{2BF43FCD-6F64-4354-9F80-93518EB01B90}.Debug|x64.ActiveCfg = Debug|x64
		{2BF43FCD-6F64-4354-9F80-93518EB01B90}.Debug|x64.Build.0 = Debug|x64
		{2BF43FCD-6F64-4354-9F80-93518EB01B90}.Debug|x86.ActiveCfg = Debug|Win32
		{2BF43FCD-6F64-4354-9F80-93518EB01B90}.Debug|x86.Build.0 = Debug|Win32
		{2BF43FCD-6F64-4354-9F80-93518EB01B90}.Release|x64.ActiveCfg = Release|x64
		{2BF43FCD-6F64-4354-9F80-93518EB01B90}.Release|x64.Build.0 = Release|x64
		{2BF43FCD-6F64-4354-9F80-93518EB01B90}.Release|x86.ActiveCfg = Release|Win32
		{2BF43FCD-6F64-4354-9F80-93518EB01B90}.Release|x86.Build.0 = Release|Win32
		{E6D8E13E-0D35-4064-B6CE-B5C9D974FB45}.Debug|x64.ActiveCfg = Debug|x64
		{E6D8E13E-0D35-4064-B6CE-B5C9D974FB45}.Debug|x64.Build.0 = Debug|x64
		{E6D8E13E-0D35-4064-B6CE-B5C9D974FB45}.Debug|x86.ActiveCfg = Debug|Win32
		{E6D8E13E-0D35-4064-B6CE-B5C9D974FB45}.Debug|x86.Build.0 = Debug|Win32
		{E6D8E13E-0D35-4064-B6CE-B5C9D974FB45}.Release|x64.ActiveCfg = Release|x64
		{E6D8E13E-0D35-4064-B6CE-B5C9D974FB45}.Release|x64.Build.0 = Release|x64
		{E6D8E13E-0D35-4064-B6CE-B5C9D974FB45}.Release|x86.ActiveCfg = Release|Win32
		{E6D8E13E-0D35-4064-B6CE-B5C9D974FB45}.Release|x86.Build.0 = Release|Win32
		{73C127B8-FA19-44C4-A530-BB55C96758CC}.Debug|x64.ActiveCfg = Debug|x64
		{73C127B8-FA19-44C4-A530-BB55C96758CC}.Debug|x64.Build.0 = Debug|x64
		{73C127B8-FA19-44C4-A530-BB55C96758CC}.Debug|x86.ActiveCfg = Debug|Win32
		{73C127B8-FA19-44C4-A530-BB55C96758CC}.Debug|x86.Build.0 = Debug|Win32
		{73C127B8-FA19-44C4-A530-BB55C96758CC}.Release|x64.ActiveCfg = Release|x64
		{73C127B8-FA19-44C4-A530-BB55C96758CC}.Release|x64.Build.0 = Release|x64
		{73C127B8-FA19-44C4-A530-BB55C96758CC}.Release|x86.ActiveCfg = Release|Win32
		{73C127B8-FA19-44C4-A530-BB55C96758CC}.Release|x86.Build.0 = Release|Win32
		{D2146B75-B871-4AB8-B8A2-0A87CC38E088}.Debug|x64.ActiveCfg = Debug|x64
		{D2146B75-B871-4AB8-B8A2-0A87CC38E088}.Debug|x64.Build.0 = Debug|x64
		{D2146B75-B871-4AB8-B8A2-0A87CC38E088}.Debug|x86.ActiveCfg = Debug|Win32
		{D2146B75-B871-4AB8-B8A2-0A87CC38E088}.Debug|x86.Build.0 = Debug|Win32
		{D2146B75-B871-4AB8-B8A2-0A87CC38E088}.Release|x64.ActiveCfg = Release|x64
		{D2146B75-B871-4AB8-B8A2-0A87CC38E088}.Release|x64.Build.0 = Release|x64
		{D2146B75-B871-4AB8-B8A2-0A87CC38E088}.Release|x86.ActiveCfg = Release|Win32
		{D2146B75-B871-4AB8-B8A2-0A87CC38E088}.Release|x86.Build.0 = Release|Win32
		{6340D861-E8F2-476E-9F40-70756E688CD7}.Debug|x64.ActiveCfg = Debug|x64
		{6340D861-E8F2-476E-9F40-70756E688CD7}.Debug|x64.Build.0 = Debug|x64
		{6340D861-E8F2-476E-9F40-70756E688CD7}.Debug|x86.ActiveCfg = Debug|Win32
		{6340D861-E8F2-476E-9F40-70756E688CD7}.Debug|x86.Build.0 = Debug|Win32
		{6340D861-E8F2-476E-9F40-70756E688CD7}.Release|x64.ActiveCfg = Release|x64
		{6340D861-E8F2-476E-9F40-70756E688CD7}.Release|x64.Build.0 = Release|x64
		{6340D861-E8F2-476E-9F40-70756E688CD7}.Release|x86.ActiveCfg = Release|Win32
		{6340D861-E8F2-476E-9F40-70756E688CD7}.Release|x86.Build.0 = Release|Win32
	EndGlobalSection
	GlobalSection(SolutionProperties) = preSolution
		HideSolutionNode = FALSE
	EndGlobalSection
	GlobalSection(ExtensibilityGlobals) = postSolution
		SolutionGuid = {18B2586B-4E4B-48E0-95B5-06C2ED041EE2}
	EndGlobalSection
EndGlobal
