
Microsoft Visual Studio Solution File, Format Version 11.00
# Visual Studio 2010
Project("{8BC9CEB8-8B4A-11D0-8D11-00A0C91BC942}") = "use_stui", "use_stui\use_stui.vcxproj", "{5859B5CD-D1D3-43E8-B70A-54DE833B0FC1}"
EndProject
Global
	GlobalSection(SolutionConfigurationPlatforms) = preSolution
		Debug|Win32 = Debug|Win32
		Release|Win32 = Release|Win32
	EndGlobalSection
	GlobalSection(ProjectConfigurationPlatforms) = postSolution
		{5859B5CD-D1D3-43E8-B70A-54DE833B0FC1}.Debug|Win32.ActiveCfg = Debug|Win32
		{5859B5CD-D1D3-43E8-B70A-54DE833B0FC1}.Debug|Win32.Build.0 = Debug|Win32
		{5859B5CD-D1D3-43E8-B70A-54DE833B0FC1}.Release|Win32.ActiveCfg = Release|Win32
		{5859B5CD-D1D3-43E8-B70A-54DE833B0FC1}.Release|Win32.Build.0 = Release|Win32
	EndGlobalSection
	GlobalSection(SolutionProperties) = preSolution
		HideSolutionNode = FALSE
	EndGlobalSection
EndGlobal
