
Microsoft Visual Studio Solution File, Format Version 11.00
# Visual Studio 2010
Project("{8BC9CEB8-8B4A-11D0-8D11-00A0C91BC942}") = "copyconstructor", "copyconstructor\copyconstructor.vcxproj", "{7888F935-E16C-42E9-ABAA-B878584E0119}"
EndProject
Global
	GlobalSection(SolutionConfigurationPlatforms) = preSolution
		Debug|Win32 = Debug|Win32
		Release|Win32 = Release|Win32
	EndGlobalSection
	GlobalSection(ProjectConfigurationPlatforms) = postSolution
		{7888F935-E16C-42E9-ABAA-B878584E0119}.Debug|Win32.ActiveCfg = Debug|Win32
		{7888F935-E16C-42E9-ABAA-B878584E0119}.Debug|Win32.Build.0 = Debug|Win32
		{7888F935-E16C-42E9-ABAA-B878584E0119}.Release|Win32.ActiveCfg = Release|Win32
		{7888F935-E16C-42E9-ABAA-B878584E0119}.Release|Win32.Build.0 = Release|Win32
	EndGlobalSection
	GlobalSection(SolutionProperties) = preSolution
		HideSolutionNode = FALSE
	EndGlobalSection
EndGlobal
