
Microsoft Visual Studio Solution File, Format Version 12.00
# Visual Studio 15
VisualStudioVersion = 15.0.28307.572
MinimumVisualStudioVersion = 10.0.40219.1
Project("{8BC9CEB8-8B4A-11D0-8D11-00A0C91BC942}") = "通过父类引用“调用”子类所独有的方法", "通过父类引用“调用”子类所独有的方法\通过父类引用“调用”子类所独有的方法.vcxproj", "{8A4C8A89-A99E-4213-A859-5C688CCED28E}"
EndProject
Global
	GlobalSection(SolutionConfigurationPlatforms) = preSolution
		Debug|x64 = Debug|x64
		Debug|x86 = Debug|x86
		Release|x64 = Release|x64
		Release|x86 = Release|x86
	EndGlobalSection
	GlobalSection(ProjectConfigurationPlatforms) = postSolution
		{8A4C8A89-A99E-4213-A859-5C688CCED28E}.Debug|x64.ActiveCfg = Debug|x64
		{8A4C8A89-A99E-4213-A859-5C688CCED28E}.Debug|x64.Build.0 = Debug|x64
		{8A4C8A89-A99E-4213-A859-5C688CCED28E}.Debug|x86.ActiveCfg = Debug|Win32
		{8A4C8A89-A99E-4213-A859-5C688CCED28E}.Debug|x86.Build.0 = Debug|Win32
		{8A4C8A89-A99E-4213-A859-5C688CCED28E}.Release|x64.ActiveCfg = Release|x64
		{8A4C8A89-A99E-4213-A859-5C688CCED28E}.Release|x64.Build.0 = Release|x64
		{8A4C8A89-A99E-4213-A859-5C688CCED28E}.Release|x86.ActiveCfg = Release|Win32
		{8A4C8A89-A99E-4213-A859-5C688CCED28E}.Release|x86.Build.0 = Release|Win32
	EndGlobalSection
	GlobalSection(SolutionProperties) = preSolution
		HideSolutionNode = FALSE
	EndGlobalSection
	GlobalSection(ExtensibilityGlobals) = postSolution
		SolutionGuid = {140EC2D0-A9F3-40E4-AF63-E346DE9F8B82}
	EndGlobalSection
EndGlobal
