<?xml version="1.0" encoding="utf-8"?>
<Project ToolsVersion="4.0" xmlns="http://schemas.microsoft.com/developer/msbuild/2003">
  <ItemGroup>
    <Filter Include="Source Files">
      <UniqueIdentifier>{4abe4d4b-ed83-41c9-8461-7b2ee4f16f34}</UniqueIdentifier>
      <Extensions>cpp;c;cxx;rc;def;r;odl;idl;hpj;bat</Extensions>
    </Filter>
    <Filter Include="Header Files">
      <UniqueIdentifier>{68b6a396-fac1-4b90-9861-38b340334078}</UniqueIdentifier>
      <Extensions>h;hpp;hxx;hm;inl</Extensions>
    </Filter>
    <Filter Include="Resource Files">
      <UniqueIdentifier>{96b0da60-8057-4f5a-ae0b-7cb52a7df243}</UniqueIdentifier>
      <Extensions>ico;cur;bmp;dlg;rc2;rct;bin;rgs;gif;jpg;jpeg;jpe</Extensions>
    </Filter>
    <Filter Include="Help Files">
      <UniqueIdentifier>{012af256-2078-4d5e-a5d2-bc912b3cae4d}</UniqueIdentifier>
      <Extensions>cnt;rtf</Extensions>
    </Filter>
  </ItemGroup>
  <ItemGroup>
    <ClCompile Include="DebugDlg.cpp">
      <Filter>Source Files</Filter>
    </ClCompile>
    <ClCompile Include="DELETERCP.cpp">
      <Filter>Source Files</Filter>
    </ClCompile>
    <ClCompile Include="login.cpp">
      <Filter>Source Files</Filter>
    </ClCompile>
    <ClCompile Include="ModelEditDlg.cpp">
      <Filter>Source Files</Filter>
    </ClCompile>
    <ClCompile Include="PARAMETERSET.cpp">
      <Filter>Source Files</Filter>
    </ClCompile>
    <ClCompile Include="paraproduce.cpp">
      <Filter>Source Files</Filter>
    </ClCompile>
    <ClCompile Include="RcpSave.cpp">
      <Filter>Source Files</Filter>
    </ClCompile>
    <ClCompile Include="StdAfx.cpp">
      <Filter>Source Files</Filter>
    </ClCompile>
    <ClCompile Include="VAFS2.cpp">
      <Filter>Source Files</Filter>
    </ClCompile>
    <ClCompile Include="VAFS2Dlg.cpp">
      <Filter>Source Files</Filter>
    </ClCompile>
    <ClCompile Include="VisionSetDlg.cpp">
      <Filter>Source Files</Filter>
    </ClCompile>
  </ItemGroup>
  <ItemGroup>
    <Midl Include="VAFS2.idl">
      <Filter>Source Files</Filter>
    </Midl>
  </ItemGroup>
  <ItemGroup>
    <ResourceCompile Include="VAFS2.rc">
      <Filter>Source Files</Filter>
    </ResourceCompile>
  </ItemGroup>
  <ItemGroup>
    <ClInclude Include="DebugDlg.h">
      <Filter>Header Files</Filter>
    </ClInclude>
    <ClInclude Include="DELETERCP.h">
      <Filter>Header Files</Filter>
    </ClInclude>
    <ClInclude Include="Dmc1000.h">
      <Filter>Header Files</Filter>
    </ClInclude>
    <ClInclude Include="externs.h">
      <Filter>Header Files</Filter>
    </ClInclude>
    <ClInclude Include="glbs.h">
      <Filter>Header Files</Filter>
    </ClInclude>
    <ClInclude Include="login.h">
      <Filter>Header Files</Filter>
    </ClInclude>
    <ClInclude Include="ModelEditDlg.h">
      <Filter>Header Files</Filter>
    </ClInclude>
    <ClInclude Include="PARAMETERSET.h">
      <Filter>Header Files</Filter>
    </ClInclude>
    <ClInclude Include="paraproduce.h">
      <Filter>Header Files</Filter>
    </ClInclude>
    <ClInclude Include="RcpSave.h">
      <Filter>Header Files</Filter>
    </ClInclude>
    <ClInclude Include="StdAfx.h">
      <Filter>Header Files</Filter>
    </ClInclude>
    <ClInclude Include="VAFS2.h">
      <Filter>Header Files</Filter>
    </ClInclude>
    <ClInclude Include="VAFS2Dlg.h">
      <Filter>Header Files</Filter>
    </ClInclude>
    <ClInclude Include="VisionSetDlg.h">
      <Filter>Header Files</Filter>
    </ClInclude>
  </ItemGroup>
  <ItemGroup>
    <Library Include="Dmc1000.lib">
      <Filter>Resource Files</Filter>
    </Library>
  </ItemGroup>
  <ItemGroup>
    <CustomBuild Include="hlp\VAFS2.hpj">
      <Filter>Source Files</Filter>
    </CustomBuild>
    <CustomBuild Include="Resource.h">
      <Filter>Header Files</Filter>
    </CustomBuild>
    <CustomBuild Include="res\film.bmp">
      <Filter>Resource Files</Filter>
    </CustomBuild>
    <CustomBuild Include="res\VAFS2.ico">
      <Filter>Resource Files</Filter>
    </CustomBuild>
    <CustomBuild Include="res\VAFS2.rc2">
      <Filter>Resource Files</Filter>
    </CustomBuild>
    <CustomBuild Include="VAFS2.rgs">
      <Filter>Resource Files</Filter>
    </CustomBuild>
    <CustomBuild Include="res\开机画面.bmp">
      <Filter>Resource Files</Filter>
    </CustomBuild>
    <CustomBuild Include="res\开机画面2.bmp">
      <Filter>Resource Files</Filter>
    </CustomBuild>
    <CustomBuild Include="hlp\AfxDlg.rtf">
      <Filter>Help Files</Filter>
    </CustomBuild>
    <CustomBuild Include="hlp\VAFS2.cnt">
      <Filter>Help Files</Filter>
    </CustomBuild>
    <CustomBuild Include="ReadMe.txt" />
  </ItemGroup>
  <ItemGroup>
    <None Include="..\..\..\..\..\..\..\EpsonRC70\exe\RCAPINet.dll" />
  </ItemGroup>
</Project>