<?xml version="1.0" encoding="utf-8"?>
<Project ToolsVersion="4.0" xmlns="http://schemas.microsoft.com/developer/msbuild/2003">
  <ItemGroup>
    <Filter Include="Source Files">
      <UniqueIdentifier>{3cddd656-4bd7-4259-b50c-2acdc222e4eb}</UniqueIdentifier>
      <Extensions>cpp;c;cxx;rc;def;r;odl;idl;hpj;bat</Extensions>
    </Filter>
    <Filter Include="Header Files">
      <UniqueIdentifier>{a532288e-62ae-461c-bc01-57f2140abf9f}</UniqueIdentifier>
      <Extensions>h;hpp;hxx;hm;inl</Extensions>
    </Filter>
    <Filter Include="Resource Files">
      <UniqueIdentifier>{63aba1aa-caf0-4b43-9107-31886b9b0d1a}</UniqueIdentifier>
      <Extensions>ico;cur;bmp;dlg;rc2;rct;bin;rgs;gif;jpg;jpeg;jpe</Extensions>
    </Filter>
    <Filter Include="Help Files">
      <UniqueIdentifier>{5b4c89c3-7cfb-4144-99f5-5f6a65509a8b}</UniqueIdentifier>
      <Extensions>cnt;rtf</Extensions>
    </Filter>
  </ItemGroup>
  <ItemGroup>
    <ClCompile Include="DebugDlg.cpp">
      <Filter>Source Files</Filter>
    </ClCompile>
    <ClCompile Include="DELETERCP.cpp">
      <Filter>Source Files</Filter>
    </ClCompile>
    <ClCompile Include="IOMonitor.cpp">
      <Filter>Source Files</Filter>
    </ClCompile>
    <ClCompile Include="login.cpp">
      <Filter>Source Files</Filter>
    </ClCompile>
    <ClCompile Include="ModelEditDlg.cpp">
      <Filter>Source Files</Filter>
    </ClCompile>
    <ClCompile Include="mscomm.cpp">
      <Filter>Source Files</Filter>
    </ClCompile>
    <ClCompile Include="MyButton.cpp">
      <Filter>Source Files</Filter>
    </ClCompile>
    <ClCompile Include="PARAMETERSET.cpp">
      <Filter>Source Files</Filter>
    </ClCompile>
    <ClCompile Include="paraproduce.cpp">
      <Filter>Source Files</Filter>
    </ClCompile>
    <ClCompile Include="RcpSave.cpp">
      <Filter>Source Files</Filter>
    </ClCompile>
    <ClCompile Include="SmallKey.cpp">
      <Filter>Source Files</Filter>
    </ClCompile>
    <ClCompile Include="StdAfx.cpp">
      <Filter>Source Files</Filter>
    </ClCompile>
    <ClCompile Include="VAFS2.cpp">
      <Filter>Source Files</Filter>
    </ClCompile>
    <ClCompile Include="VAFS2Dlg.cpp">
      <Filter>Source Files</Filter>
    </ClCompile>
    <ClCompile Include="VisionSetDlg.cpp">
      <Filter>Source Files</Filter>
    </ClCompile>
  </ItemGroup>
  <ItemGroup>
    <Midl Include="VAFS2.idl">
      <Filter>Source Files</Filter>
    </Midl>
  </ItemGroup>
  <ItemGroup>
    <ResourceCompile Include="VAFS2.rc">
      <Filter>Source Files</Filter>
    </ResourceCompile>
  </ItemGroup>
  <ItemGroup>
    <ClInclude Include="AAFStage.h">
      <Filter>Header Files</Filter>
    </ClInclude>
    <ClInclude Include="ckvision.h">
      <Filter>Header Files</Filter>
    </ClInclude>
    <ClInclude Include="DebugDlg.h">
      <Filter>Header Files</Filter>
    </ClInclude>
    <ClInclude Include="DELETERCP.h">
      <Filter>Header Files</Filter>
    </ClInclude>
    <ClInclude Include="Dmc1000.h">
      <Filter>Header Files</Filter>
    </ClInclude>
    <ClInclude Include="DrawUtil.h">
      <Filter>Header Files</Filter>
    </ClInclude>
    <ClInclude Include="externs.h">
      <Filter>Header Files</Filter>
    </ClInclude>
    <ClInclude Include="FCAM.h">
      <Filter>Header Files</Filter>
    </ClInclude>
    <ClInclude Include="FCAM_Def.h">
      <Filter>Header Files</Filter>
    </ClInclude>
    <ClInclude Include="glbs.h">
      <Filter>Header Files</Filter>
    </ClInclude>
    <ClInclude Include="IOMonitor.h">
      <Filter>Header Files</Filter>
    </ClInclude>
    <ClInclude Include="ISIDll.h">
      <Filter>Header Files</Filter>
    </ClInclude>
    <ClInclude Include="login.h">
      <Filter>Header Files</Filter>
    </ClInclude>
    <ClInclude Include="MAVision.h">
      <Filter>Header Files</Filter>
    </ClInclude>
    <ClInclude Include="ModelEditDlg.h">
      <Filter>Header Files</Filter>
    </ClInclude>
    <ClInclude Include="mscomm.h">
      <Filter>Header Files</Filter>
    </ClInclude>
    <ClInclude Include="MyButton.h">
      <Filter>Header Files</Filter>
    </ClInclude>
    <ClInclude Include="PARAMETERSET.h">
      <Filter>Header Files</Filter>
    </ClInclude>
    <ClInclude Include="paraproduce.h">
      <Filter>Header Files</Filter>
    </ClInclude>
    <ClInclude Include="RcpSave.h">
      <Filter>Header Files</Filter>
    </ClInclude>
    <ClInclude Include="SmallKey.h">
      <Filter>Header Files</Filter>
    </ClInclude>
    <ClInclude Include="StdAfx.h">
      <Filter>Header Files</Filter>
    </ClInclude>
    <ClInclude Include="VAFS2.h">
      <Filter>Header Files</Filter>
    </ClInclude>
    <ClInclude Include="VAFS2Dlg.h">
      <Filter>Header Files</Filter>
    </ClInclude>
    <ClInclude Include="VisionSetDlg.h">
      <Filter>Header Files</Filter>
    </ClInclude>
  </ItemGroup>
  <ItemGroup>
    <Image Include="res\film.bmp">
      <Filter>Resource Files</Filter>
    </Image>
    <Image Include="res\gray.bmp">
      <Filter>Resource Files</Filter>
    </Image>
    <Image Include="res\green.bmp">
      <Filter>Resource Files</Filter>
    </Image>
    <Image Include="res\VAFS2.ico">
      <Filter>Resource Files</Filter>
    </Image>
    <Image Include="res\开机画面.bmp">
      <Filter>Resource Files</Filter>
    </Image>
    <Image Include="res\开机画面2.bmp">
      <Filter>Resource Files</Filter>
    </Image>
  </ItemGroup>
  <ItemGroup>
    <Library Include="FCAM.lib">
      <Filter>Resource Files</Filter>
    </Library>
    <Library Include="Dmc1000.lib">
      <Filter>Resource Files</Filter>
    </Library>
  </ItemGroup>
  <ItemGroup>
    <Text Include="ReadMe.txt" />
  </ItemGroup>
  <ItemGroup>
    <Manifest Include="vafs2.exe.manifest" />
  </ItemGroup>
  <ItemGroup>
    <CustomBuild Include="hlp\VAFS2.hpj">
      <Filter>Source Files</Filter>
    </CustomBuild>
    <CustomBuild Include="Resource.h">
      <Filter>Header Files</Filter>
    </CustomBuild>
    <CustomBuild Include="FCAM.dll">
      <Filter>Resource Files</Filter>
    </CustomBuild>
    <CustomBuild Include="I2C.dll">
      <Filter>Resource Files</Filter>
    </CustomBuild>
    <CustomBuild Include="I2CCTL.sys">
      <Filter>Resource Files</Filter>
    </CustomBuild>
    <CustomBuild Include="ISIDll.dll">
      <Filter>Resource Files</Filter>
    </CustomBuild>
    <CustomBuild Include="res\VAFS2.rc2">
      <Filter>Resource Files</Filter>
    </CustomBuild>
    <CustomBuild Include="VAFS2.rgs">
      <Filter>Resource Files</Filter>
    </CustomBuild>
    <CustomBuild Include="hlp\AfxDlg.rtf">
      <Filter>Help Files</Filter>
    </CustomBuild>
    <CustomBuild Include="hlp\VAFS2.cnt">
      <Filter>Help Files</Filter>
    </CustomBuild>
  </ItemGroup>
</Project>