
Microsoft Visual Studio Solution File, Format Version 11.00
# Visual Studio 2010
Project("{8BC9CEB8-8B4A-11D0-8D11-00A0C91BC942}") = "深浅拷贝", "深浅拷贝\深浅拷贝.vcxproj", "{989A4E84-3B59-40CF-AF32-633001215497}"
EndProject
Global
	GlobalSection(SolutionConfigurationPlatforms) = preSolution
		Debug|Win32 = Debug|Win32
		Release|Win32 = Release|Win32
	EndGlobalSection
	GlobalSection(ProjectConfigurationPlatforms) = postSolution
		{989A4E84-3B59-40CF-AF32-633001215497}.Debug|Win32.ActiveCfg = Debug|Win32
		{989A4E84-3B59-40CF-AF32-633001215497}.Debug|Win32.Build.0 = Debug|Win32
		{989A4E84-3B59-40CF-AF32-633001215497}.Release|Win32.ActiveCfg = Release|Win32
		{989A4E84-3B59-40CF-AF32-633001215497}.Release|Win32.Build.0 = Release|Win32
	EndGlobalSection
	GlobalSection(SolutionProperties) = preSolution
		HideSolutionNode = FALSE
	EndGlobalSection
EndGlobal
