
Microsoft Visual Studio Solution File, Format Version 12.00
# Visual Studio 15
VisualStudioVersion = 15.0.28307.572
MinimumVisualStudioVersion = 10.0.40219.1
Project("{8BC9CEB8-8B4A-11D0-8D11-00A0C91BC942}") = "std_ref", "std_ref\std_ref.vcxproj", "{A9F8E131-439A-4FFF-8CBE-C4356F82E632}"
EndProject
Project("{8BC9CEB8-8B4A-11D0-8D11-00A0C91BC942}") = "std_bind", "std_bind\std_bind.vcxproj", "{A3209E0F-F883-4483-B576-2F3B0C0386E9}"
EndProject
Global
	GlobalSection(SolutionConfigurationPlatforms) = preSolution
		Debug|x64 = Debug|x64
		Debug|x86 = Debug|x86
		Release|x64 = Release|x64
		Release|x86 = Release|x86
	EndGlobalSection
	GlobalSection(ProjectConfigurationPlatforms) = postSolution
		{A9F8E131-439A-4FFF-8CBE-C4356F82E632}.Debug|x64.ActiveCfg = Debug|x64
		{A9F8E131-439A-4FFF-8CBE-C4356F82E632}.Debug|x64.Build.0 = Debug|x64
		{A9F8E131-439A-4FFF-8CBE-C4356F82E632}.Debug|x86.ActiveCfg = Debug|Win32
		{A9F8E131-439A-4FFF-8CBE-C4356F82E632}.Debug|x86.Build.0 = Debug|Win32
		{A9F8E131-439A-4FFF-8CBE-C4356F82E632}.Release|x64.ActiveCfg = Release|x64
		{A9F8E131-439A-4FFF-8CBE-C4356F82E632}.Release|x64.Build.0 = Release|x64
		{A9F8E131-439A-4FFF-8CBE-C4356F82E632}.Release|x86.ActiveCfg = Release|Win32
		{A9F8E131-439A-4FFF-8CBE-C4356F82E632}.Release|x86.Build.0 = Release|Win32
		{A3209E0F-F883-4483-B576-2F3B0C0386E9}.Debug|x64.ActiveCfg = Debug|x64
		{A3209E0F-F883-4483-B576-2F3B0C0386E9}.Debug|x64.Build.0 = Debug|x64
		{A3209E0F-F883-4483-B576-2F3B0C0386E9}.Debug|x86.ActiveCfg = Debug|Win32
		{A3209E0F-F883-4483-B576-2F3B0C0386E9}.Debug|x86.Build.0 = Debug|Win32
		{A3209E0F-F883-4483-B576-2F3B0C0386E9}.Release|x64.ActiveCfg = Release|x64
		{A3209E0F-F883-4483-B576-2F3B0C0386E9}.Release|x64.Build.0 = Release|x64
		{A3209E0F-F883-4483-B576-2F3B0C0386E9}.Release|x86.ActiveCfg = Release|Win32
		{A3209E0F-F883-4483-B576-2F3B0C0386E9}.Release|x86.Build.0 = Release|Win32
	EndGlobalSection
	GlobalSection(SolutionProperties) = preSolution
		HideSolutionNode = FALSE
	EndGlobalSection
	GlobalSection(ExtensibilityGlobals) = postSolution
		SolutionGuid = {6E7F861B-BFFE-4B65-A4B3-FD3E573164D7}
	EndGlobalSection
EndGlobal
