
Microsoft Visual Studio Solution File, Format Version 11.00
# Visual Studio 2010
Project("{8BC9CEB8-8B4A-11D0-8D11-00A0C91BC942}") = "香蕉船", "香蕉船\香蕉船.vcxproj", "{309ADB04-C2D5-4AA6-9D25-310AB575B8D3}"
EndProject
Project("{8BC9CEB8-8B4A-11D0-8D11-00A0C91BC942}") = "互相攻击的大炮", "互相攻击的大炮\互相攻击的大炮.vcxproj", "{60AF346B-B7DF-4CDE-BE64-5BEC9A9BD84E}"
EndProject
Project("{8BC9CEB8-8B4A-11D0-8D11-00A0C91BC942}") = "被K整除的个数", "被K整除的个数\被K整除的个数.vcxproj", "{270825CA-6B38-4D7A-8002-C64649D9A049}"
EndProject
Project("{8BC9CEB8-8B4A-11D0-8D11-00A0C91BC942}") = "寻找小数", "寻找小数\寻找小数.vcxproj", "{7DB2B33A-6FFC-44AD-B1A9-8B34EBBFA100}"
EndProject
Project("{8BC9CEB8-8B4A-11D0-8D11-00A0C91BC942}") = "alice bob", "alice bob\alice bob.vcxproj", "{9D9E9EB7-F2B4-446B-8AE6-CC69FF9EBC41}"
EndProject
Project("{8BC9CEB8-8B4A-11D0-8D11-00A0C91BC942}") = "分糖果", "分糖果\分糖果.vcxproj", "{1109B730-9730-44B0-809F-12AE83D72207}"
EndProject
Project("{8BC9CEB8-8B4A-11D0-8D11-00A0C91BC942}") = "最小用户名", "最小用户名\最小用户名.vcxproj", "{226BF3F0-9F3E-4878-B9DF-2FCA9A336E64}"
EndProject
Project("{8BC9CEB8-8B4A-11D0-8D11-00A0C91BC942}") = "美丽的矩阵", "美丽的矩阵\美丽的矩阵.vcxproj", "{737A487D-F4D0-487A-995F-656AB8E451BC}"
EndProject
Project("{8BC9CEB8-8B4A-11D0-8D11-00A0C91BC942}") = "过桥问题", "过桥问题\过桥问题.vcxproj", "{F6466F03-7E54-4F46-83FE-82742EE0D777}"
EndProject
Project("{8BC9CEB8-8B4A-11D0-8D11-00A0C91BC942}") = "扫雷", "扫雷\扫雷.vcxproj", "{58C91E93-15E2-41E6-B20D-210946E14174}"
EndProject
Project("{8BC9CEB8-8B4A-11D0-8D11-00A0C91BC942}") = "数组——画圆圈", "数组——画圆圈\数组——画圆圈.vcxproj", "{81B0D9D2-9E6A-4768-BE4E-029FCAF9FBC2}"
EndProject
Project("{8BC9CEB8-8B4A-11D0-8D11-00A0C91BC942}") = "炸弹", "炸弹\炸弹.vcxproj", "{D2428EBD-F092-41BB-8E37-A15F3B08312D}"
EndProject
Project("{8BC9CEB8-8B4A-11D0-8D11-00A0C91BC942}") = "奇葩的排序", "奇葩的排序\奇葩的排序.vcxproj", "{F3AF0BAF-0411-4964-AE95-2D9ACCC03FC6}"
EndProject
Project("{8BC9CEB8-8B4A-11D0-8D11-00A0C91BC942}") = "数组重排", "数组重排\数组重排.vcxproj", "{9EFB2A95-C23D-4B85-966E-7059C528316C}"
EndProject
Project("{8BC9CEB8-8B4A-11D0-8D11-00A0C91BC942}") = "字符矩阵难题", "字符矩阵难题\字符矩阵难题.vcxproj", "{71F2AE52-04C6-4FA0-B87C-19B2FA8F8C30}"
EndProject
Project("{8BC9CEB8-8B4A-11D0-8D11-00A0C91BC942}") = "外星人密语", "外星人密语\外星人密语.vcxproj", "{EB79E7AD-2CCF-4902-962C-45C2B6C54C50}"
EndProject
Project("{8BC9CEB8-8B4A-11D0-8D11-00A0C91BC942}") = "人山人海", "人山人海\人山人海.vcxproj", "{6CC8627B-CCF5-42E0-A917-8EE66864250D}"
EndProject
Project("{8BC9CEB8-8B4A-11D0-8D11-00A0C91BC942}") = "和谐的骑士", "和谐的骑士\和谐的骑士.vcxproj", "{52D39AAE-666F-447C-B38E-6350E6C86C85}"
EndProject
Project("{8BC9CEB8-8B4A-11D0-8D11-00A0C91BC942}") = "模线性方程", "模线性方程\模线性方程.vcxproj", "{1D482EE8-4793-45DC-9AFE-18C2477E7B6C}"
EndProject
Project("{8BC9CEB8-8B4A-11D0-8D11-00A0C91BC942}") = "数组-筛法求素数", "数组-筛法求素数\数组-筛法求素数.vcxproj", "{CFD2733E-2ED1-4C59-9C7D-A4EA9C37A453}"
EndProject
Project("{8BC9CEB8-8B4A-11D0-8D11-00A0C91BC942}") = "连续自然数和", "连续自然数和\连续自然数和.vcxproj", "{A276AB2B-526B-42A7-BF7D-137128588709}"
EndProject
Project("{8BC9CEB8-8B4A-11D0-8D11-00A0C91BC942}") = "学生信息系统", "学生信息系统\学生信息系统.vcxproj", "{8750C5D0-DF60-4EDA-ACFF-E31F2C0AEC91}"
EndProject
Global
	GlobalSection(SolutionConfigurationPlatforms) = preSolution
		Debug|Win32 = Debug|Win32
		Release|Win32 = Release|Win32
	EndGlobalSection
	GlobalSection(ProjectConfigurationPlatforms) = postSolution
		{309ADB04-C2D5-4AA6-9D25-310AB575B8D3}.Debug|Win32.ActiveCfg = Debug|Win32
		{309ADB04-C2D5-4AA6-9D25-310AB575B8D3}.Debug|Win32.Build.0 = Debug|Win32
		{309ADB04-C2D5-4AA6-9D25-310AB575B8D3}.Release|Win32.ActiveCfg = Release|Win32
		{309ADB04-C2D5-4AA6-9D25-310AB575B8D3}.Release|Win32.Build.0 = Release|Win32
		{60AF346B-B7DF-4CDE-BE64-5BEC9A9BD84E}.Debug|Win32.ActiveCfg = Debug|Win32
		{60AF346B-B7DF-4CDE-BE64-5BEC9A9BD84E}.Debug|Win32.Build.0 = Debug|Win32
		{60AF346B-B7DF-4CDE-BE64-5BEC9A9BD84E}.Release|Win32.ActiveCfg = Release|Win32
		{60AF346B-B7DF-4CDE-BE64-5BEC9A9BD84E}.Release|Win32.Build.0 = Release|Win32
		{270825CA-6B38-4D7A-8002-C64649D9A049}.Debug|Win32.ActiveCfg = Debug|Win32
		{270825CA-6B38-4D7A-8002-C64649D9A049}.Debug|Win32.Build.0 = Debug|Win32
		{270825CA-6B38-4D7A-8002-C64649D9A049}.Release|Win32.ActiveCfg = Release|Win32
		{270825CA-6B38-4D7A-8002-C64649D9A049}.Release|Win32.Build.0 = Release|Win32
		{7DB2B33A-6FFC-44AD-B1A9-8B34EBBFA100}.Debug|Win32.ActiveCfg = Debug|Win32
		{7DB2B33A-6FFC-44AD-B1A9-8B34EBBFA100}.Debug|Win32.Build.0 = Debug|Win32
		{7DB2B33A-6FFC-44AD-B1A9-8B34EBBFA100}.Release|Win32.ActiveCfg = Release|Win32
		{7DB2B33A-6FFC-44AD-B1A9-8B34EBBFA100}.Release|Win32.Build.0 = Release|Win32
		{9D9E9EB7-F2B4-446B-8AE6-CC69FF9EBC41}.Debug|Win32.ActiveCfg = Debug|Win32
		{9D9E9EB7-F2B4-446B-8AE6-CC69FF9EBC41}.Debug|Win32.Build.0 = Debug|Win32
		{9D9E9EB7-F2B4-446B-8AE6-CC69FF9EBC41}.Release|Win32.ActiveCfg = Release|Win32
		{9D9E9EB7-F2B4-446B-8AE6-CC69FF9EBC41}.Release|Win32.Build.0 = Release|Win32
		{1109B730-9730-44B0-809F-12AE83D72207}.Debug|Win32.ActiveCfg = Debug|Win32
		{1109B730-9730-44B0-809F-12AE83D72207}.Debug|Win32.Build.0 = Debug|Win32
		{1109B730-9730-44B0-809F-12AE83D72207}.Release|Win32.ActiveCfg = Release|Win32
		{1109B730-9730-44B0-809F-12AE83D72207}.Release|Win32.Build.0 = Release|Win32
		{226BF3F0-9F3E-4878-B9DF-2FCA9A336E64}.Debug|Win32.ActiveCfg = Debug|Win32
		{226BF3F0-9F3E-4878-B9DF-2FCA9A336E64}.Debug|Win32.Build.0 = Debug|Win32
		{226BF3F0-9F3E-4878-B9DF-2FCA9A336E64}.Release|Win32.ActiveCfg = Release|Win32
		{226BF3F0-9F3E-4878-B9DF-2FCA9A336E64}.Release|Win32.Build.0 = Release|Win32
		{737A487D-F4D0-487A-995F-656AB8E451BC}.Debug|Win32.ActiveCfg = Debug|Win32
		{737A487D-F4D0-487A-995F-656AB8E451BC}.Debug|Win32.Build.0 = Debug|Win32
		{737A487D-F4D0-487A-995F-656AB8E451BC}.Release|Win32.ActiveCfg = Release|Win32
		{737A487D-F4D0-487A-995F-656AB8E451BC}.Release|Win32.Build.0 = Release|Win32
		{F6466F03-7E54-4F46-83FE-82742EE0D777}.Debug|Win32.ActiveCfg = Debug|Win32
		{F6466F03-7E54-4F46-83FE-82742EE0D777}.Debug|Win32.Build.0 = Debug|Win32
		{F6466F03-7E54-4F46-83FE-82742EE0D777}.Release|Win32.ActiveCfg = Release|Win32
		{F6466F03-7E54-4F46-83FE-82742EE0D777}.Release|Win32.Build.0 = Release|Win32
		{58C91E93-15E2-41E6-B20D-210946E14174}.Debug|Win32.ActiveCfg = Debug|Win32
		{58C91E93-15E2-41E6-B20D-210946E14174}.Debug|Win32.Build.0 = Debug|Win32
		{58C91E93-15E2-41E6-B20D-210946E14174}.Release|Win32.ActiveCfg = Release|Win32
		{58C91E93-15E2-41E6-B20D-210946E14174}.Release|Win32.Build.0 = Release|Win32
		{81B0D9D2-9E6A-4768-BE4E-029FCAF9FBC2}.Debug|Win32.ActiveCfg = Debug|Win32
		{81B0D9D2-9E6A-4768-BE4E-029FCAF9FBC2}.Debug|Win32.Build.0 = Debug|Win32
		{81B0D9D2-9E6A-4768-BE4E-029FCAF9FBC2}.Release|Win32.ActiveCfg = Release|Win32
		{81B0D9D2-9E6A-4768-BE4E-029FCAF9FBC2}.Release|Win32.Build.0 = Release|Win32
		{D2428EBD-F092-41BB-8E37-A15F3B08312D}.Debug|Win32.ActiveCfg = Debug|Win32
		{D2428EBD-F092-41BB-8E37-A15F3B08312D}.Debug|Win32.Build.0 = Debug|Win32
		{D2428EBD-F092-41BB-8E37-A15F3B08312D}.Release|Win32.ActiveCfg = Release|Win32
		{D2428EBD-F092-41BB-8E37-A15F3B08312D}.Release|Win32.Build.0 = Release|Win32
		{F3AF0BAF-0411-4964-AE95-2D9ACCC03FC6}.Debug|Win32.ActiveCfg = Debug|Win32
		{F3AF0BAF-0411-4964-AE95-2D9ACCC03FC6}.Debug|Win32.Build.0 = Debug|Win32
		{F3AF0BAF-0411-4964-AE95-2D9ACCC03FC6}.Release|Win32.ActiveCfg = Release|Win32
		{F3AF0BAF-0411-4964-AE95-2D9ACCC03FC6}.Release|Win32.Build.0 = Release|Win32
		{9EFB2A95-C23D-4B85-966E-7059C528316C}.Debug|Win32.ActiveCfg = Debug|Win32
		{9EFB2A95-C23D-4B85-966E-7059C528316C}.Debug|Win32.Build.0 = Debug|Win32
		{9EFB2A95-C23D-4B85-966E-7059C528316C}.Release|Win32.ActiveCfg = Release|Win32
		{9EFB2A95-C23D-4B85-966E-7059C528316C}.Release|Win32.Build.0 = Release|Win32
		{71F2AE52-04C6-4FA0-B87C-19B2FA8F8C30}.Debug|Win32.ActiveCfg = Debug|Win32
		{71F2AE52-04C6-4FA0-B87C-19B2FA8F8C30}.Debug|Win32.Build.0 = Debug|Win32
		{71F2AE52-04C6-4FA0-B87C-19B2FA8F8C30}.Release|Win32.ActiveCfg = Release|Win32
		{71F2AE52-04C6-4FA0-B87C-19B2FA8F8C30}.Release|Win32.Build.0 = Release|Win32
		{EB79E7AD-2CCF-4902-962C-45C2B6C54C50}.Debug|Win32.ActiveCfg = Debug|Win32
		{EB79E7AD-2CCF-4902-962C-45C2B6C54C50}.Debug|Win32.Build.0 = Debug|Win32
		{EB79E7AD-2CCF-4902-962C-45C2B6C54C50}.Release|Win32.ActiveCfg = Release|Win32
		{EB79E7AD-2CCF-4902-962C-45C2B6C54C50}.Release|Win32.Build.0 = Release|Win32
		{6CC8627B-CCF5-42E0-A917-8EE66864250D}.Debug|Win32.ActiveCfg = Debug|Win32
		{6CC8627B-CCF5-42E0-A917-8EE66864250D}.Debug|Win32.Build.0 = Debug|Win32
		{6CC8627B-CCF5-42E0-A917-8EE66864250D}.Release|Win32.ActiveCfg = Release|Win32
		{6CC8627B-CCF5-42E0-A917-8EE66864250D}.Release|Win32.Build.0 = Release|Win32
		{52D39AAE-666F-447C-B38E-6350E6C86C85}.Debug|Win32.ActiveCfg = Debug|Win32
		{52D39AAE-666F-447C-B38E-6350E6C86C85}.Debug|Win32.Build.0 = Debug|Win32
		{52D39AAE-666F-447C-B38E-6350E6C86C85}.Release|Win32.ActiveCfg = Release|Win32
		{52D39AAE-666F-447C-B38E-6350E6C86C85}.Release|Win32.Build.0 = Release|Win32
		{1D482EE8-4793-45DC-9AFE-18C2477E7B6C}.Debug|Win32.ActiveCfg = Debug|Win32
		{1D482EE8-4793-45DC-9AFE-18C2477E7B6C}.Debug|Win32.Build.0 = Debug|Win32
		{1D482EE8-4793-45DC-9AFE-18C2477E7B6C}.Release|Win32.ActiveCfg = Release|Win32
		{1D482EE8-4793-45DC-9AFE-18C2477E7B6C}.Release|Win32.Build.0 = Release|Win32
		{CFD2733E-2ED1-4C59-9C7D-A4EA9C37A453}.Debug|Win32.ActiveCfg = Debug|Win32
		{CFD2733E-2ED1-4C59-9C7D-A4EA9C37A453}.Debug|Win32.Build.0 = Debug|Win32
		{CFD2733E-2ED1-4C59-9C7D-A4EA9C37A453}.Release|Win32.ActiveCfg = Release|Win32
		{CFD2733E-2ED1-4C59-9C7D-A4EA9C37A453}.Release|Win32.Build.0 = Release|Win32
		{A276AB2B-526B-42A7-BF7D-137128588709}.Debug|Win32.ActiveCfg = Debug|Win32
		{A276AB2B-526B-42A7-BF7D-137128588709}.Debug|Win32.Build.0 = Debug|Win32
		{A276AB2B-526B-42A7-BF7D-137128588709}.Release|Win32.ActiveCfg = Release|Win32
		{A276AB2B-526B-42A7-BF7D-137128588709}.Release|Win32.Build.0 = Release|Win32
		{8750C5D0-DF60-4EDA-ACFF-E31F2C0AEC91}.Debug|Win32.ActiveCfg = Debug|Win32
		{8750C5D0-DF60-4EDA-ACFF-E31F2C0AEC91}.Debug|Win32.Build.0 = Debug|Win32
		{8750C5D0-DF60-4EDA-ACFF-E31F2C0AEC91}.Release|Win32.ActiveCfg = Release|Win32
		{8750C5D0-DF60-4EDA-ACFF-E31F2C0AEC91}.Release|Win32.Build.0 = Release|Win32
	EndGlobalSection
	GlobalSection(SolutionProperties) = preSolution
		HideSolutionNode = FALSE
	EndGlobalSection
EndGlobal
