
Microsoft Visual Studio Solution File, Format Version 12.00
# Visual Studio 15
VisualStudioVersion = 15.0.28307.106
MinimumVisualStudioVersion = 10.0.40219.1
Project("{8BC9CEB8-8B4A-11D0-8D11-00A0C91BC942}") = "Allocator", "Allocator\Allocator.vcxproj", "{29A9EBA3-ED5D-45DC-8585-7AE6228374E5}"
EndProject
Project("{8BC9CEB8-8B4A-11D0-8D11-00A0C91BC942}") = "experiment", "experiment\experiment.vcxproj", "{1C191D3B-6253-4819-826C-B9DD94235FAD}"
EndProject
Project("{8BC9CEB8-8B4A-11D0-8D11-00A0C91BC942}") = "adpter", "adpter\adpter.vcxproj", "{3904EBB2-74EC-4D2D-B359-B0ACFC4B1E96}"
EndProject
Project("{8BC9CEB8-8B4A-11D0-8D11-00A0C91BC942}") = "function", "function\function.vcxproj", "{6C77247A-20D5-4C76-8930-F116BECA5BC5}"
EndProject
Global
	GlobalSection(SolutionConfigurationPlatforms) = preSolution
		Debug|x64 = Debug|x64
		Debug|x86 = Debug|x86
		Release|x64 = Release|x64
		Release|x86 = Release|x86
	EndGlobalSection
	GlobalSection(ProjectConfigurationPlatforms) = postSolution
		{29A9EBA3-ED5D-45DC-8585-7AE6228374E5}.Debug|x64.ActiveCfg = Debug|x64
		{29A9EBA3-ED5D-45DC-8585-7AE6228374E5}.Debug|x64.Build.0 = Debug|x64
		{29A9EBA3-ED5D-45DC-8585-7AE6228374E5}.Debug|x86.ActiveCfg = Debug|Win32
		{29A9EBA3-ED5D-45DC-8585-7AE6228374E5}.Debug|x86.Build.0 = Debug|Win32
		{29A9EBA3-ED5D-45DC-8585-7AE6228374E5}.Release|x64.ActiveCfg = Release|x64
		{29A9EBA3-ED5D-45DC-8585-7AE6228374E5}.Release|x64.Build.0 = Release|x64
		{29A9EBA3-ED5D-45DC-8585-7AE6228374E5}.Release|x86.ActiveCfg = Release|Win32
		{29A9EBA3-ED5D-45DC-8585-7AE6228374E5}.Release|x86.Build.0 = Release|Win32
		{1C191D3B-6253-4819-826C-B9DD94235FAD}.Debug|x64.ActiveCfg = Debug|x64
		{1C191D3B-6253-4819-826C-B9DD94235FAD}.Debug|x64.Build.0 = Debug|x64
		{1C191D3B-6253-4819-826C-B9DD94235FAD}.Debug|x86.ActiveCfg = Debug|Win32
		{1C191D3B-6253-4819-826C-B9DD94235FAD}.Debug|x86.Build.0 = Debug|Win32
		{1C191D3B-6253-4819-826C-B9DD94235FAD}.Release|x64.ActiveCfg = Release|x64
		{1C191D3B-6253-4819-826C-B9DD94235FAD}.Release|x64.Build.0 = Release|x64
		{1C191D3B-6253-4819-826C-B9DD94235FAD}.Release|x86.ActiveCfg = Release|Win32
		{1C191D3B-6253-4819-826C-B9DD94235FAD}.Release|x86.Build.0 = Release|Win32
		{3904EBB2-74EC-4D2D-B359-B0ACFC4B1E96}.Debug|x64.ActiveCfg = Debug|x64
		{3904EBB2-74EC-4D2D-B359-B0ACFC4B1E96}.Debug|x64.Build.0 = Debug|x64
		{3904EBB2-74EC-4D2D-B359-B0ACFC4B1E96}.Debug|x86.ActiveCfg = Debug|Win32
		{3904EBB2-74EC-4D2D-B359-B0ACFC4B1E96}.Debug|x86.Build.0 = Debug|Win32
		{3904EBB2-74EC-4D2D-B359-B0ACFC4B1E96}.Release|x64.ActiveCfg = Release|x64
		{3904EBB2-74EC-4D2D-B359-B0ACFC4B1E96}.Release|x64.Build.0 = Release|x64
		{3904EBB2-74EC-4D2D-B359-B0ACFC4B1E96}.Release|x86.ActiveCfg = Release|Win32
		{3904EBB2-74EC-4D2D-B359-B0ACFC4B1E96}.Release|x86.Build.0 = Release|Win32
		{6C77247A-20D5-4C76-8930-F116BECA5BC5}.Debug|x64.ActiveCfg = Debug|x64
		{6C77247A-20D5-4C76-8930-F116BECA5BC5}.Debug|x64.Build.0 = Debug|x64
		{6C77247A-20D5-4C76-8930-F116BECA5BC5}.Debug|x86.ActiveCfg = Debug|Win32
		{6C77247A-20D5-4C76-8930-F116BECA5BC5}.Debug|x86.Build.0 = Debug|Win32
		{6C77247A-20D5-4C76-8930-F116BECA5BC5}.Release|x64.ActiveCfg = Release|x64
		{6C77247A-20D5-4C76-8930-F116BECA5BC5}.Release|x64.Build.0 = Release|x64
		{6C77247A-20D5-4C76-8930-F116BECA5BC5}.Release|x86.ActiveCfg = Release|Win32
		{6C77247A-20D5-4C76-8930-F116BECA5BC5}.Release|x86.Build.0 = Release|Win32
	EndGlobalSection
	GlobalSection(SolutionProperties) = preSolution
		HideSolutionNode = FALSE
	EndGlobalSection
	GlobalSection(ExtensibilityGlobals) = postSolution
		SolutionGuid = {FA48C5F1-E22E-400E-9730-71F3481913C7}
	EndGlobalSection
EndGlobal
