
Microsoft Visual Studio Solution File, Format Version 11.00
# Visual Studio 2010
Project("{8BC9CEB8-8B4A-11D0-8D11-00A0C91BC942}") = "tmp2tmp", "tmp2tmp\tmp2tmp.vcxproj", "{7B42F1B2-FEF3-44C3-A0BD-585D86263FC8}"
EndProject
Global
	GlobalSection(SolutionConfigurationPlatforms) = preSolution
		Debug|Win32 = Debug|Win32
		Release|Win32 = Release|Win32
	EndGlobalSection
	GlobalSection(ProjectConfigurationPlatforms) = postSolution
		{7B42F1B2-FEF3-44C3-A0BD-585D86263FC8}.Debug|Win32.ActiveCfg = Debug|Win32
		{7B42F1B2-FEF3-44C3-A0BD-585D86263FC8}.Debug|Win32.Build.0 = Debug|Win32
		{7B42F1B2-FEF3-44C3-A0BD-585D86263FC8}.Release|Win32.ActiveCfg = Release|Win32
		{7B42F1B2-FEF3-44C3-A0BD-585D86263FC8}.Release|Win32.Build.0 = Release|Win32
	EndGlobalSection
	GlobalSection(SolutionProperties) = preSolution
		HideSolutionNode = FALSE
	EndGlobalSection
EndGlobal
