
Microsoft Visual Studio Solution File, Format Version 11.00
# Visual Studio 2010
Project("{8BC9CEB8-8B4A-11D0-8D11-00A0C91BC942}") = "人脸识别", "人脸识别\人脸识别.vcxproj", "{D83D3537-E79B-4234-9D91-D004D256EEA3}"
EndProject
Global
	GlobalSection(SolutionConfigurationPlatforms) = preSolution
		Debug|Win32 = Debug|Win32
		Release|Win32 = Release|Win32
	EndGlobalSection
	GlobalSection(ProjectConfigurationPlatforms) = postSolution
		{D83D3537-E79B-4234-9D91-D004D256EEA3}.Debug|Win32.ActiveCfg = Debug|Win32
		{D83D3537-E79B-4234-9D91-D004D256EEA3}.Debug|Win32.Build.0 = Debug|Win32
		{D83D3537-E79B-4234-9D91-D004D256EEA3}.Release|Win32.ActiveCfg = Release|Win32
		{D83D3537-E79B-4234-9D91-D004D256EEA3}.Release|Win32.Build.0 = Release|Win32
	EndGlobalSection
	GlobalSection(SolutionProperties) = preSolution
		HideSolutionNode = FALSE
	EndGlobalSection
EndGlobal
