
Microsoft Visual Studio Solution File, Format Version 12.00
# Visual Studio 15
VisualStudioVersion = 15.0.28307.572
MinimumVisualStudioVersion = 10.0.40219.1
Project("{8BC9CEB8-8B4A-11D0-8D11-00A0C91BC942}") = "Endianness", "Endianness\Endianness.vcxproj", "{400902BC-D551-4CA2-B16C-21F7F8CC6E04}"
EndProject
Global
	GlobalSection(SolutionConfigurationPlatforms) = preSolution
		Debug|x64 = Debug|x64
		Debug|x86 = Debug|x86
		Release|x64 = Release|x64
		Release|x86 = Release|x86
	EndGlobalSection
	GlobalSection(ProjectConfigurationPlatforms) = postSolution
		{400902BC-D551-4CA2-B16C-21F7F8CC6E04}.Debug|x64.ActiveCfg = Debug|x64
		{400902BC-D551-4CA2-B16C-21F7F8CC6E04}.Debug|x64.Build.0 = Debug|x64
		{400902BC-D551-4CA2-B16C-21F7F8CC6E04}.Debug|x86.ActiveCfg = Debug|Win32
		{400902BC-D551-4CA2-B16C-21F7F8CC6E04}.Debug|x86.Build.0 = Debug|Win32
		{400902BC-D551-4CA2-B16C-21F7F8CC6E04}.Release|x64.ActiveCfg = Release|x64
		{400902BC-D551-4CA2-B16C-21F7F8CC6E04}.Release|x64.Build.0 = Release|x64
		{400902BC-D551-4CA2-B16C-21F7F8CC6E04}.Release|x86.ActiveCfg = Release|Win32
		{400902BC-D551-4CA2-B16C-21F7F8CC6E04}.Release|x86.Build.0 = Release|Win32
	EndGlobalSection
	GlobalSection(SolutionProperties) = preSolution
		HideSolutionNode = FALSE
	EndGlobalSection
	GlobalSection(ExtensibilityGlobals) = postSolution
		SolutionGuid = {DE4C48D4-16F8-46CE-B3A2-E22935108B8E}
	EndGlobalSection
EndGlobal
