
Microsoft Visual Studio Solution File, Format Version 11.00
# Visual Studio 2010
Project("{8BC9CEB8-8B4A-11D0-8D11-00A0C91BC942}") = "vector", "vector\vector.vcxproj", "{62A4AB97-1A26-4679-A2F2-E78852A1D0EC}"
EndProject
Project("{8BC9CEB8-8B4A-11D0-8D11-00A0C91BC942}") = "vext2", "vext2\vext2.vcxproj", "{F027310A-BB46-4892-AD88-A4943CFB19D7}"
EndProject
Global
	GlobalSection(SolutionConfigurationPlatforms) = preSolution
		Debug|Win32 = Debug|Win32
		Release|Win32 = Release|Win32
	EndGlobalSection
	GlobalSection(ProjectConfigurationPlatforms) = postSolution
		{62A4AB97-1A26-4679-A2F2-E78852A1D0EC}.Debug|Win32.ActiveCfg = Debug|Win32
		{62A4AB97-1A26-4679-A2F2-E78852A1D0EC}.Debug|Win32.Build.0 = Debug|Win32
		{62A4AB97-1A26-4679-A2F2-E78852A1D0EC}.Release|Win32.ActiveCfg = Release|Win32
		{62A4AB97-1A26-4679-A2F2-E78852A1D0EC}.Release|Win32.Build.0 = Release|Win32
		{F027310A-BB46-4892-AD88-A4943CFB19D7}.Debug|Win32.ActiveCfg = Debug|Win32
		{F027310A-BB46-4892-AD88-A4943CFB19D7}.Debug|Win32.Build.0 = Debug|Win32
		{F027310A-BB46-4892-AD88-A4943CFB19D7}.Release|Win32.ActiveCfg = Release|Win32
		{F027310A-BB46-4892-AD88-A4943CFB19D7}.Release|Win32.Build.0 = Release|Win32
	EndGlobalSection
	GlobalSection(SolutionProperties) = preSolution
		HideSolutionNode = FALSE
	EndGlobalSection
EndGlobal
